// !$*UTF8*$!
{
	archiveVersion = 1;
	classes = {
	};
	objectVersion = 48;
	objects = {

/* Begin PBXBuildFile section */
		3A4828921FD35B1C0030E113 /* opt.cpp in Sources */ = {isa = PBXBuildFile; fileRef = 3A8321A31FC9A8C200354EF5 /* opt.cpp */; };
		3A8321C41FC9AC8800354EF5 /* curl.cpp in Sources */ = {isa = PBXBuildFile; fileRef = 3A8321AC1FC9AB0500354EF5 /* curl.cpp */; };
		3A8321C51FC9AC8D00354EF5 /* lagrange.cpp in Sources */ = {isa = PBXBuildFile; fileRef = 3A8321A61FC9A92500354EF5 /* lagrange.cpp */; };
		3AEDF1712353531200E57BC4 /* opengl.cpp in Sources */ = {isa = PBXBuildFile; fileRef = 3AC132502351EDA300D56BE1 /* opengl.cpp */; };
/* End PBXBuildFile section */

/* Begin PBXCopyFilesBuildPhase section */
		3A4828891FD35B130030E113 /* CopyFiles */ = {
			isa = PBXCopyFilesBuildPhase;
			buildActionMask = 2147483647;
			dstPath = /usr/share/man/man1/;
			dstSubfolderSpec = 0;
			files = (
			);
			runOnlyForDeploymentPostprocessing = 1;
		};
		3A8321B01FC9AC4A00354EF5 /* CopyFiles */ = {
			isa = PBXCopyFilesBuildPhase;
			buildActionMask = 2147483647;
			dstPath = /usr/share/man/man1/;
			dstSubfolderSpec = 0;
			files = (
			);
			runOnlyForDeploymentPostprocessing = 1;
		};
		3A8321BB1FC9AC5700354EF5 /* CopyFiles */ = {
			isa = PBXCopyFilesBuildPhase;
			buildActionMask = 2147483647;
			dstPath = /usr/share/man/man1/;
			dstSubfolderSpec = 0;
			files = (
			);
			runOnlyForDeploymentPostprocessing = 1;
		};
		3AC132472351ED7600D56BE1 /* CopyFiles */ = {
			isa = PBXCopyFilesBuildPhase;
			buildActionMask = 2147483647;
			dstPath = /usr/share/man/man1/;
			dstSubfolderSpec = 0;
			files = (
			);
			runOnlyForDeploymentPostprocessing = 1;
		};
/* End PBXCopyFilesBuildPhase section */

/* Begin PBXFileReference section */
		3A2D29B6227EF98400FBFE0F /* algorithm.hpp */ = {isa = PBXFileReference; lastKnownFileType = sourcecode.cpp.h; path = algorithm.hpp; sourceTree = "<group>"; };
		3A48288B1FD35B130030E113 /* Opt */ = {isa = PBXFileReference; explicitFileType = "compiled.mach-o.executable"; includeInIndex = 0; path = Opt; sourceTree = BUILT_PRODUCTS_DIR; };
		3A8321811FC9A8C200354EF5 /* cplex.hpp */ = {isa = PBXFileReference; lastKnownFileType = sourcecode.cpp.h; path = cplex.hpp; sourceTree = "<group>"; };
		3A8321841FC9A8C200354EF5 /* opt.hpp */ = {isa = PBXFileReference; lastKnownFileType = sourcecode.cpp.h; path = opt.hpp; sourceTree = "<group>"; };
		3A8321861FC9A8C200354EF5 /* loader.hpp */ = {isa = PBXFileReference; lastKnownFileType = sourcecode.cpp.h; path = loader.hpp; sourceTree = "<group>"; };
		3A83218A1FC9A8C200354EF5 /* matrix_armadillo.h */ = {isa = PBXFileReference; lastKnownFileType = sourcecode.c.h; path = matrix_armadillo.h; sourceTree = "<group>"; };
		3A83218B1FC9A8C200354EF5 /* matrix_boost.h */ = {isa = PBXFileReference; lastKnownFileType = sourcecode.c.h; path = matrix_boost.h; sourceTree = "<group>"; };
		3A83218C1FC9A8C200354EF5 /* matrix_eigen.h */ = {isa = PBXFileReference; lastKnownFileType = sourcecode.c.h; path = matrix_eigen.h; sourceTree = "<group>"; };
		3A83218D1FC9A8C200354EF5 /* matrix_opencv.h */ = {isa = PBXFileReference; lastKnownFileType = sourcecode.c.h; path = matrix_opencv.h; sourceTree = "<group>"; };
		3A83218E1FC9A8C200354EF5 /* matrix_qt.h */ = {isa = PBXFileReference; lastKnownFileType = sourcecode.c.h; path = matrix_qt.h; sourceTree = "<group>"; };
		3A83218F1FC9A8C200354EF5 /* matrix_std_2d_vector.h */ = {isa = PBXFileReference; lastKnownFileType = sourcecode.c.h; path = matrix_std_2d_vector.h; sourceTree = "<group>"; };
		3A8321901FC9A8C200354EF5 /* matrix.h */ = {isa = PBXFileReference; lastKnownFileType = sourcecode.c.h; path = matrix.h; sourceTree = "<group>"; };
		3A8321911FC9A8C200354EF5 /* matrix_base.h */ = {isa = PBXFileReference; lastKnownFileType = sourcecode.c.h; path = matrix_base.h; sourceTree = "<group>"; };
		3A8321921FC9A8C200354EF5 /* utils.h */ = {isa = PBXFileReference; lastKnownFileType = sourcecode.c.h; path = utils.h; sourceTree = "<group>"; };
		3A8321931FC9A8C200354EF5 /* munkres.hpp */ = {isa = PBXFileReference; lastKnownFileType = sourcecode.cpp.h; path = munkres.hpp; sourceTree = "<group>"; };
		3A8321941FC9A8C200354EF5 /* opencv.hpp */ = {isa = PBXFileReference; lastKnownFileType = sourcecode.cpp.h; path = opencv.hpp; sourceTree = "<group>"; };
		3A8321951FC9A8C200354EF5 /* opengl.hpp */ = {isa = PBXFileReference; lastKnownFileType = sourcecode.cpp.h; path = opengl.hpp; sourceTree = "<group>"; };
		3A8321961FC9A8C200354EF5 /* stdio.hpp */ = {isa = PBXFileReference; lastKnownFileType = sourcecode.cpp.h; path = stdio.hpp; sourceTree = "<group>"; };
		3A8321971FC9A8C200354EF5 /* stdlib.hpp */ = {isa = PBXFileReference; lastKnownFileType = sourcecode.cpp.h; path = stdlib.hpp; sourceTree = "<group>"; };
		3A8321981FC9A8C200354EF5 /* utils.hpp */ = {isa = PBXFileReference; lastKnownFileType = sourcecode.cpp.h; path = utils.hpp; sourceTree = "<group>"; };
		3A83219A1FC9A8C200354EF5 /* camera.hpp */ = {isa = PBXFileReference; lastKnownFileType = sourcecode.cpp.h; path = camera.hpp; sourceTree = "<group>"; };
		3A83219B1FC9A8C200354EF5 /* cameraSystem.hpp */ = {isa = PBXFileReference; lastKnownFileType = sourcecode.cpp.h; path = cameraSystem.hpp; sourceTree = "<group>"; };
		3A83219C1FC9A8C200354EF5 /* cameraSystem.hpp.zip */ = {isa = PBXFileReference; lastKnownFileType = archive.zip; path = cameraSystem.hpp.zip; sourceTree = "<group>"; };
		3A83219D1FC9A8C200354EF5 /* reconstruction.hpp */ = {isa = PBXFileReference; lastKnownFileType = sourcecode.cpp.h; path = reconstruction.hpp; sourceTree = "<group>"; };
		3A83219E1FC9A8C200354EF5 /* reprojection.hpp */ = {isa = PBXFileReference; lastKnownFileType = sourcecode.cpp.h; path = reprojection.hpp; sourceTree = "<group>"; };
		3A83219F1FC9A8C200354EF5 /* undistort.hpp */ = {isa = PBXFileReference; lastKnownFileType = sourcecode.cpp.h; path = undistort.hpp; sourceTree = "<group>"; };
		3A8321A01FC9A8C200354EF5 /* vision.hpp */ = {isa = PBXFileReference; lastKnownFileType = sourcecode.cpp.h; path = vision.hpp; sourceTree = "<group>"; };
		3A8321A21FC9A8C200354EF5 /* testCplex.cpp */ = {isa = PBXFileReference; fileEncoding = 4; lastKnownFileType = sourcecode.cpp.cpp; path = testCplex.cpp; sourceTree = "<group>"; };
		3A8321A31FC9A8C200354EF5 /* opt.cpp */ = {isa = PBXFileReference; fileEncoding = 4; lastKnownFileType = sourcecode.cpp.cpp; path = opt.cpp; sourceTree = "<group>"; };
		3A8321A41FC9A8C200354EF5 /* tests.cpp */ = {isa = PBXFileReference; fileEncoding = 4; lastKnownFileType = sourcecode.cpp.cpp; path = tests.cpp; sourceTree = "<group>"; };
		3A8321A51FC9A8C200354EF5 /* testVision.cpp */ = {isa = PBXFileReference; fileEncoding = 4; lastKnownFileType = sourcecode.cpp.cpp; path = testVision.cpp; sourceTree = "<group>"; };
		3A8321A61FC9A92500354EF5 /* lagrange.cpp */ = {isa = PBXFileReference; fileEncoding = 4; lastKnownFileType = sourcecode.cpp.cpp; path = lagrange.cpp; sourceTree = "<group>"; };
		3A8321A91FC9AA7C00354EF5 /* lagrange.hpp */ = {isa = PBXFileReference; lastKnownFileType = sourcecode.cpp.h; path = lagrange.hpp; sourceTree = "<group>"; };
		3A8321AB1FC9AADE00354EF5 /* curl.hpp */ = {isa = PBXFileReference; lastKnownFileType = sourcecode.cpp.h; path = curl.hpp; sourceTree = "<group>"; };
		3A8321AC1FC9AB0500354EF5 /* curl.cpp */ = {isa = PBXFileReference; fileEncoding = 4; lastKnownFileType = sourcecode.cpp.cpp; path = curl.cpp; sourceTree = "<group>"; };
		3A8321B21FC9AC4A00354EF5 /* Curl */ = {isa = PBXFileReference; explicitFileType = "compiled.mach-o.executable"; includeInIndex = 0; path = Curl; sourceTree = BUILT_PRODUCTS_DIR; };
		3A8321BD1FC9AC5700354EF5 /* Lagrange */ = {isa = PBXFileReference; explicitFileType = "compiled.mach-o.executable"; includeInIndex = 0; path = Lagrange; sourceTree = BUILT_PRODUCTS_DIR; };
		3ABDF9201FD36848007ECD27 /* loader.cpp */ = {isa = PBXFileReference; fileEncoding = 4; lastKnownFileType = sourcecode.cpp.cpp; path = loader.cpp; sourceTree = "<group>"; };
		3AC132492351ED7600D56BE1 /* OpenGL */ = {isa = PBXFileReference; explicitFileType = "compiled.mach-o.executable"; includeInIndex = 0; path = OpenGL; sourceTree = BUILT_PRODUCTS_DIR; };
		3AC132502351EDA300D56BE1 /* opengl.cpp */ = {isa = PBXFileReference; lastKnownFileType = sourcecode.cpp.cpp; path = opengl.cpp; sourceTree = "<group>"; };
		3AC132562351EE5F00D56BE1 /* glMesh.hpp */ = {isa = PBXFileReference; lastKnownFileType = sourcecode.cpp.h; path = glMesh.hpp; sourceTree = "<group>"; };
		3AC132572351EE5F00D56BE1 /* glLine.hpp */ = {isa = PBXFileReference; lastKnownFileType = sourcecode.cpp.h; path = glLine.hpp; sourceTree = "<group>"; };
		3AC132582351EE5F00D56BE1 /* glMaterial.hpp */ = {isa = PBXFileReference; lastKnownFileType = sourcecode.cpp.h; path = glMaterial.hpp; sourceTree = "<group>"; };
		3AC132592351EE5F00D56BE1 /* glAxes.hpp */ = {isa = PBXFileReference; lastKnownFileType = sourcecode.cpp.h; path = glAxes.hpp; sourceTree = "<group>"; };
		3AC1325A2351EE5F00D56BE1 /* glfw.hpp */ = {isa = PBXFileReference; lastKnownFileType = sourcecode.cpp.h; path = glfw.hpp; sourceTree = "<group>"; };
		3AC1325B2351EE5F00D56BE1 /* tiff.hpp */ = {isa = PBXFileReference; lastKnownFileType = sourcecode.cpp.h; path = tiff.hpp; sourceTree = "<group>"; };
		3AC1325C2351EE5F00D56BE1 /* opengl.hpp */ = {isa = PBXFileReference; lastKnownFileType = sourcecode.cpp.h; path = opengl.hpp; sourceTree = "<group>"; };
		3AC1325D2351EE5F00D56BE1 /* glSphere.hpp */ = {isa = PBXFileReference; lastKnownFileType = sourcecode.cpp.h; path = glSphere.hpp; sourceTree = "<group>"; };
		3AC1325E2351EE5F00D56BE1 /* glModel.hpp */ = {isa = PBXFileReference; lastKnownFileType = sourcecode.cpp.h; path = glModel.hpp; sourceTree = "<group>"; };
		3AC1325F2351EE5F00D56BE1 /* glQuad.hpp */ = {isa = PBXFileReference; lastKnownFileType = sourcecode.cpp.h; path = glQuad.hpp; sourceTree = "<group>"; };
		3AC132602351EE5F00D56BE1 /* glShadow.hpp */ = {isa = PBXFileReference; lastKnownFileType = sourcecode.cpp.h; path = glShadow.hpp; sourceTree = "<group>"; };
		3AC132612351EE5F00D56BE1 /* glCamera.hpp */ = {isa = PBXFileReference; lastKnownFileType = sourcecode.cpp.h; path = glCamera.hpp; sourceTree = "<group>"; };
		3AC132622351EE5F00D56BE1 /* glGrid.hpp */ = {isa = PBXFileReference; lastKnownFileType = sourcecode.cpp.h; path = glGrid.hpp; sourceTree = "<group>"; };
		3AC132632351EE5F00D56BE1 /* glLight.hpp */ = {isa = PBXFileReference; lastKnownFileType = sourcecode.cpp.h; path = glLight.hpp; sourceTree = "<group>"; };
		3AC132672351EE5F00D56BE1 /* PCF.vs */ = {isa = PBXFileReference; lastKnownFileType = sourcecode.glsl; path = PCF.vs; sourceTree = "<group>"; };
		3AC132682351EE5F00D56BE1 /* PCF.gs */ = {isa = PBXFileReference; lastKnownFileType = sourcecode.glsl; path = PCF.gs; sourceTree = "<group>"; };
		3AC132692351EE5F00D56BE1 /* PCF.fs */ = {isa = PBXFileReference; lastKnownFileType = sourcecode.glsl; path = PCF.fs; sourceTree = "<group>"; };
		3AC1326A2351EE5F00D56BE1 /* shadowMap.vs */ = {isa = PBXFileReference; lastKnownFileType = sourcecode.glsl; path = shadowMap.vs; sourceTree = "<group>"; };
		3AC1326B2351EE5F00D56BE1 /* shadowMap.fs */ = {isa = PBXFileReference; lastKnownFileType = sourcecode.glsl; path = shadowMap.fs; sourceTree = "<group>"; };
		3AC1326C2351EE5F00D56BE1 /* depth.fs */ = {isa = PBXFileReference; lastKnownFileType = sourcecode.glsl; path = depth.fs; sourceTree = "<group>"; };
		3AC1326D2351EE5F00D56BE1 /* plain.fs */ = {isa = PBXFileReference; lastKnownFileType = sourcecode.glsl; path = plain.fs; sourceTree = "<group>"; };
		3AC1326E2351EE5F00D56BE1 /* plain.vs */ = {isa = PBXFileReference; lastKnownFileType = sourcecode.glsl; path = plain.vs; sourceTree = "<group>"; };
		3AC1326F2351EE5F00D56BE1 /* depth.vs */ = {isa = PBXFileReference; lastKnownFileType = sourcecode.glsl; path = depth.vs; sourceTree = "<group>"; };
		3AC132702351EE5F00D56BE1 /* glTexture.hpp */ = {isa = PBXFileReference; lastKnownFileType = sourcecode.cpp.h; path = glTexture.hpp; sourceTree = "<group>"; };
		3AC132712351EE5F00D56BE1 /* glCube.hpp */ = {isa = PBXFileReference; lastKnownFileType = sourcecode.cpp.h; path = glCube.hpp; sourceTree = "<group>"; };
		3AC132722351EE5F00D56BE1 /* glWindow.hpp */ = {isa = PBXFileReference; lastKnownFileType = sourcecode.cpp.h; path = glWindow.hpp; sourceTree = "<group>"; };
		3AC132732351EE5F00D56BE1 /* glShader.hpp */ = {isa = PBXFileReference; lastKnownFileType = sourcecode.cpp.h; path = glShader.hpp; sourceTree = "<group>"; };
/* End PBXFileReference section */

/* Begin PBXFrameworksBuildPhase section */
		3A4828881FD35B130030E113 /* Frameworks */ = {
			isa = PBXFrameworksBuildPhase;
			buildActionMask = 2147483647;
			files = (
			);
			runOnlyForDeploymentPostprocessing = 0;
		};
		3A8321AF1FC9AC4A00354EF5 /* Frameworks */ = {
			isa = PBXFrameworksBuildPhase;
			buildActionMask = 2147483647;
			files = (
			);
			runOnlyForDeploymentPostprocessing = 0;
		};
		3A8321BA1FC9AC5700354EF5 /* Frameworks */ = {
			isa = PBXFrameworksBuildPhase;
			buildActionMask = 2147483647;
			files = (
			);
			runOnlyForDeploymentPostprocessing = 0;
		};
		3AC132462351ED7600D56BE1 /* Frameworks */ = {
			isa = PBXFrameworksBuildPhase;
			buildActionMask = 2147483647;
			files = (
			);
			runOnlyForDeploymentPostprocessing = 0;
		};
/* End PBXFrameworksBuildPhase section */

/* Begin PBXGroup section */
		3A4F19641FC9A89A00A310AC = {
			isa = PBXGroup;
			children = (
				3A8321801FC9A8C200354EF5 /* include */,
				3AC132552351EE5F00D56BE1 /* opengl */,
				3A8321A11FC9A8C200354EF5 /* src */,
				3A4F196E1FC9A89A00A310AC /* Products */,
			);
			sourceTree = "<group>";
		};
		3A4F196E1FC9A89A00A310AC /* Products */ = {
			isa = PBXGroup;
			children = (
				3A8321B21FC9AC4A00354EF5 /* Curl */,
				3A8321BD1FC9AC5700354EF5 /* Lagrange */,
				3A48288B1FD35B130030E113 /* Opt */,
				3AC132492351ED7600D56BE1 /* OpenGL */,
			);
			name = Products;
			sourceTree = "<group>";
		};
		3A8321801FC9A8C200354EF5 /* include */ = {
			isa = PBXGroup;
			children = (
				3A8321AA1FC9AADE00354EF5 /* web */,
				3A8321A81FC9AA7C00354EF5 /* interpolation */,
				3A8321811FC9A8C200354EF5 /* cplex.hpp */,
				3A8321841FC9A8C200354EF5 /* opt.hpp */,
				3A8321861FC9A8C200354EF5 /* loader.hpp */,
				3A8321871FC9A8C200354EF5 /* munkres */,
				3A8321941FC9A8C200354EF5 /* opencv.hpp */,
				3A8321951FC9A8C200354EF5 /* opengl.hpp */,
				3A8321961FC9A8C200354EF5 /* stdio.hpp */,
				3A8321971FC9A8C200354EF5 /* stdlib.hpp */,
				3A8321981FC9A8C200354EF5 /* utils.hpp */,
				3A2D29B6227EF98400FBFE0F /* algorithm.hpp */,
				3A8321991FC9A8C200354EF5 /* vision */,
			);
			path = include;
			sourceTree = "<group>";
		};
		3A8321871FC9A8C200354EF5 /* munkres */ = {
			isa = PBXGroup;
			children = (
				3A8321881FC9A8C200354EF5 /* include */,
				3A8321931FC9A8C200354EF5 /* munkres.hpp */,
			);
			path = munkres;
			sourceTree = "<group>";
		};
		3A8321881FC9A8C200354EF5 /* include */ = {
			isa = PBXGroup;
			children = (
				3A8321891FC9A8C200354EF5 /* adapters */,
				3A8321901FC9A8C200354EF5 /* matrix.h */,
				3A8321911FC9A8C200354EF5 /* matrix_base.h */,
				3A8321921FC9A8C200354EF5 /* utils.h */,
			);
			path = include;
			sourceTree = "<group>";
		};
		3A8321891FC9A8C200354EF5 /* adapters */ = {
			isa = PBXGroup;
			children = (
				3A83218A1FC9A8C200354EF5 /* matrix_armadillo.h */,
				3A83218B1FC9A8C200354EF5 /* matrix_boost.h */,
				3A83218C1FC9A8C200354EF5 /* matrix_eigen.h */,
				3A83218D1FC9A8C200354EF5 /* matrix_opencv.h */,
				3A83218E1FC9A8C200354EF5 /* matrix_qt.h */,
				3A83218F1FC9A8C200354EF5 /* matrix_std_2d_vector.h */,
			);
			path = adapters;
			sourceTree = "<group>";
		};
		3A8321991FC9A8C200354EF5 /* vision */ = {
			isa = PBXGroup;
			children = (
				3A83219A1FC9A8C200354EF5 /* camera.hpp */,
				3A83219B1FC9A8C200354EF5 /* cameraSystem.hpp */,
				3A83219C1FC9A8C200354EF5 /* cameraSystem.hpp.zip */,
				3A83219D1FC9A8C200354EF5 /* reconstruction.hpp */,
				3A83219E1FC9A8C200354EF5 /* reprojection.hpp */,
				3A83219F1FC9A8C200354EF5 /* undistort.hpp */,
				3A8321A01FC9A8C200354EF5 /* vision.hpp */,
			);
			path = vision;
			sourceTree = "<group>";
		};
		3A8321A11FC9A8C200354EF5 /* src */ = {
			isa = PBXGroup;
			children = (
				3A8321A31FC9A8C200354EF5 /* opt.cpp */,
				3ABDF9201FD36848007ECD27 /* loader.cpp */,
				3A8321AC1FC9AB0500354EF5 /* curl.cpp */,
				3A8321A61FC9A92500354EF5 /* lagrange.cpp */,
				3A8321A41FC9A8C200354EF5 /* tests.cpp */,
				3A8321A21FC9A8C200354EF5 /* testCplex.cpp */,
				3A8321A51FC9A8C200354EF5 /* testVision.cpp */,
				3AC132502351EDA300D56BE1 /* opengl.cpp */,
			);
			path = src;
			sourceTree = "<group>";
		};
		3A8321A81FC9AA7C00354EF5 /* interpolation */ = {
			isa = PBXGroup;
			children = (
				3A8321A91FC9AA7C00354EF5 /* lagrange.hpp */,
			);
			path = interpolation;
			sourceTree = "<group>";
		};
		3A8321AA1FC9AADE00354EF5 /* web */ = {
			isa = PBXGroup;
			children = (
				3A8321AB1FC9AADE00354EF5 /* curl.hpp */,
			);
			path = web;
			sourceTree = "<group>";
		};
		3AC132552351EE5F00D56BE1 /* opengl */ = {
			isa = PBXGroup;
			children = (
				3AC132572351EE5F00D56BE1 /* glLine.hpp */,
				3AC1325D2351EE5F00D56BE1 /* glSphere.hpp */,
				3AC132622351EE5F00D56BE1 /* glGrid.hpp */,
				3AC132592351EE5F00D56BE1 /* glAxes.hpp */,
				3AC1325F2351EE5F00D56BE1 /* glQuad.hpp */,
				3AC132712351EE5F00D56BE1 /* glCube.hpp */,
				3AC132562351EE5F00D56BE1 /* glMesh.hpp */,
				3AC132582351EE5F00D56BE1 /* glMaterial.hpp */,
				3AC1325A2351EE5F00D56BE1 /* glfw.hpp */,
				3AC1325B2351EE5F00D56BE1 /* tiff.hpp */,
				3AC1325C2351EE5F00D56BE1 /* opengl.hpp */,
				3AC1325E2351EE5F00D56BE1 /* glModel.hpp */,
				3AC132602351EE5F00D56BE1 /* glShadow.hpp */,
				3AC132612351EE5F00D56BE1 /* glCamera.hpp */,
				3AC132632351EE5F00D56BE1 /* glLight.hpp */,
				3AC132642351EE5F00D56BE1 /* shader */,
				3AC132702351EE5F00D56BE1 /* glTexture.hpp */,
				3AC132722351EE5F00D56BE1 /* glWindow.hpp */,
				3AC132732351EE5F00D56BE1 /* glShader.hpp */,
			);
			name = opengl;
			path = include/opengl;
			sourceTree = "<group>";
		};
		3AC132642351EE5F00D56BE1 /* shader */ = {
			isa = PBXGroup;
			children = (
				3AC132652351EE5F00D56BE1 /* shadow */,
				3AC1326C2351EE5F00D56BE1 /* depth.fs */,
				3AC1326D2351EE5F00D56BE1 /* plain.fs */,
				3AC1326E2351EE5F00D56BE1 /* plain.vs */,
				3AC1326F2351EE5F00D56BE1 /* depth.vs */,
			);
			path = shader;
			sourceTree = "<group>";
		};
		3AC132652351EE5F00D56BE1 /* shadow */ = {
			isa = PBXGroup;
			children = (
				3AC132662351EE5F00D56BE1 /* PCF */,
				3AC1326A2351EE5F00D56BE1 /* shadowMap.vs */,
				3AC1326B2351EE5F00D56BE1 /* shadowMap.fs */,
			);
			path = shadow;
			sourceTree = "<group>";
		};
		3AC132662351EE5F00D56BE1 /* PCF */ = {
			isa = PBXGroup;
			children = (
				3AC132672351EE5F00D56BE1 /* PCF.vs */,
				3AC132682351EE5F00D56BE1 /* PCF.gs */,
				3AC132692351EE5F00D56BE1 /* PCF.fs */,
			);
			path = PCF;
			sourceTree = "<group>";
		};
/* End PBXGroup section */

/* Begin PBXNativeTarget section */
		3A48288A1FD35B130030E113 /* Opt */ = {
			isa = PBXNativeTarget;
			buildConfigurationList = 3A4828911FD35B130030E113 /* Build configuration list for PBXNativeTarget "Opt" */;
			buildPhases = (
				3A4828871FD35B130030E113 /* Sources */,
				3A4828881FD35B130030E113 /* Frameworks */,
				3A4828891FD35B130030E113 /* CopyFiles */,
			);
			buildRules = (
			);
			dependencies = (
			);
			name = Opt;
			productName = Opt;
			productReference = 3A48288B1FD35B130030E113 /* Opt */;
			productType = "com.apple.product-type.tool";
		};
		3A8321B11FC9AC4A00354EF5 /* Curl */ = {
			isa = PBXNativeTarget;
			buildConfigurationList = 3A8321B61FC9AC4A00354EF5 /* Build configuration list for PBXNativeTarget "Curl" */;
			buildPhases = (
				3A8321AE1FC9AC4A00354EF5 /* Sources */,
				3A8321AF1FC9AC4A00354EF5 /* Frameworks */,
				3A8321B01FC9AC4A00354EF5 /* CopyFiles */,
			);
			buildRules = (
			);
			dependencies = (
			);
			name = Curl;
			productName = Curl;
			productReference = 3A8321B21FC9AC4A00354EF5 /* Curl */;
			productType = "com.apple.product-type.tool";
		};
		3A8321BC1FC9AC5700354EF5 /* Lagrange */ = {
			isa = PBXNativeTarget;
			buildConfigurationList = 3A8321C11FC9AC5700354EF5 /* Build configuration list for PBXNativeTarget "Lagrange" */;
			buildPhases = (
				3A8321B91FC9AC5700354EF5 /* Sources */,
				3A8321BA1FC9AC5700354EF5 /* Frameworks */,
				3A8321BB1FC9AC5700354EF5 /* CopyFiles */,
			);
			buildRules = (
			);
			dependencies = (
			);
			name = Lagrange;
			productName = Lagrange;
			productReference = 3A8321BD1FC9AC5700354EF5 /* Lagrange */;
			productType = "com.apple.product-type.tool";
		};
		3AC132482351ED7600D56BE1 /* OpenGL */ = {
			isa = PBXNativeTarget;
			buildConfigurationList = 3AC1324F2351ED7700D56BE1 /* Build configuration list for PBXNativeTarget "OpenGL" */;
			buildPhases = (
				3AC132452351ED7600D56BE1 /* Sources */,
				3AC132462351ED7600D56BE1 /* Frameworks */,
				3AC132472351ED7600D56BE1 /* CopyFiles */,
			);
			buildRules = (
			);
			dependencies = (
			);
			name = OpenGL;
			productName = OpenGL;
			productReference = 3AC132492351ED7600D56BE1 /* OpenGL */;
			productType = "com.apple.product-type.tool";
		};
/* End PBXNativeTarget section */

/* Begin PBXProject section */
		3A4F19651FC9A89A00A310AC /* Project object */ = {
			isa = PBXProject;
			attributes = {
				LastUpgradeCheck = 0930;
				ORGANIZATIONNAME = MPL;
				TargetAttributes = {
					3A48288A1FD35B130030E113 = {
						CreatedOnToolsVersion = 9.1;
						ProvisioningStyle = Automatic;
					};
					3A8321B11FC9AC4A00354EF5 = {
						CreatedOnToolsVersion = 9.1;
						ProvisioningStyle = Automatic;
					};
					3A8321BC1FC9AC5700354EF5 = {
						CreatedOnToolsVersion = 9.1;
						ProvisioningStyle = Automatic;
					};
					3AC132482351ED7600D56BE1 = {
						CreatedOnToolsVersion = 11.1;
						ProvisioningStyle = Automatic;
					};
				};
			};
			buildConfigurationList = 3A4F19681FC9A89A00A310AC /* Build configuration list for PBXProject "MPL" */;
			compatibilityVersion = "Xcode 8.0";
			developmentRegion = en;
			hasScannedForEncodings = 0;
			knownRegions = (
				en,
				Base,
			);
			mainGroup = 3A4F19641FC9A89A00A310AC;
			productRefGroup = 3A4F196E1FC9A89A00A310AC /* Products */;
			projectDirPath = "";
			projectRoot = "";
			targets = (
				3A8321B11FC9AC4A00354EF5 /* Curl */,
				3A8321BC1FC9AC5700354EF5 /* Lagrange */,
				3A48288A1FD35B130030E113 /* Opt */,
				3AC132482351ED7600D56BE1 /* OpenGL */,
			);
		};
/* End PBXProject section */

/* Begin PBXSourcesBuildPhase section */
		3A4828871FD35B130030E113 /* Sources */ = {
			isa = PBXSourcesBuildPhase;
			buildActionMask = 2147483647;
			files = (
				3A4828921FD35B1C0030E113 /* opt.cpp in Sources */,
			);
			runOnlyForDeploymentPostprocessing = 0;
		};
		3A8321AE1FC9AC4A00354EF5 /* Sources */ = {
			isa = PBXSourcesBuildPhase;
			buildActionMask = 2147483647;
			files = (
				3A8321C41FC9AC8800354EF5 /* curl.cpp in Sources */,
			);
			runOnlyForDeploymentPostprocessing = 0;
		};
		3A8321B91FC9AC5700354EF5 /* Sources */ = {
			isa = PBXSourcesBuildPhase;
			buildActionMask = 2147483647;
			files = (
				3A8321C51FC9AC8D00354EF5 /* lagrange.cpp in Sources */,
			);
			runOnlyForDeploymentPostprocessing = 0;
		};
		3AC132452351ED7600D56BE1 /* Sources */ = {
			isa = PBXSourcesBuildPhase;
			buildActionMask = 2147483647;
			files = (
				3AEDF1712353531200E57BC4 /* opengl.cpp in Sources */,
			);
			runOnlyForDeploymentPostprocessing = 0;
		};
/* End PBXSourcesBuildPhase section */

/* Begin XCBuildConfiguration section */
		3A48288F1FD35B130030E113 /* Debug */ = {
			isa = XCBuildConfiguration;
			buildSettings = {
				CLANG_CXX_LANGUAGE_STANDARD = "gnu++14";
				CLANG_WARN_DOCUMENTATION_COMMENTS = NO;
				CODE_SIGN_IDENTITY = "-";
				CODE_SIGN_STYLE = Automatic;
				DEVELOPMENT_TEAM = "";
				HEADER_SEARCH_PATHS = (
					/usr/local/include,
					/usr/local/include/opencv4,
				);
				PRODUCT_NAME = "$(TARGET_NAME)";
				SYSTEM_FRAMEWORK_SEARCH_PATHS = /usr/local/lib;
			};
			name = Debug;
		};
		3A4828901FD35B130030E113 /* Release */ = {
			isa = XCBuildConfiguration;
			buildSettings = {
				CLANG_CXX_LANGUAGE_STANDARD = "gnu++14";
				CLANG_WARN_DOCUMENTATION_COMMENTS = NO;
				CODE_SIGN_IDENTITY = "-";
				CODE_SIGN_STYLE = Automatic;
				DEVELOPMENT_TEAM = "";
				HEADER_SEARCH_PATHS = (
					/usr/local/include,
					/usr/local/include/opencv4,
				);
				PRODUCT_NAME = "$(TARGET_NAME)";
				SYSTEM_FRAMEWORK_SEARCH_PATHS = /usr/local/lib;
			};
			name = Release;
		};
		3A4F19721FC9A89A00A310AC /* Debug */ = {
			isa = XCBuildConfiguration;
			buildSettings = {
				ALWAYS_SEARCH_USER_PATHS = NO;
				CLANG_ANALYZER_NONNULL = YES;
				CLANG_ANALYZER_NUMBER_OBJECT_CONVERSION = YES_AGGRESSIVE;
				CLANG_CXX_LANGUAGE_STANDARD = "gnu++17";
				CLANG_CXX_LIBRARY = "libc++";
				CLANG_ENABLE_MODULES = YES;
				CLANG_ENABLE_OBJC_ARC = YES;
				CLANG_WARN_BLOCK_CAPTURE_AUTORELEASING = YES;
				CLANG_WARN_BOOL_CONVERSION = YES;
				CLANG_WARN_COMMA = YES;
				CLANG_WARN_CONSTANT_CONVERSION = YES;
				CLANG_WARN_DEPRECATED_OBJC_IMPLEMENTATIONS = YES;
				CLANG_WARN_DIRECT_OBJC_ISA_USAGE = YES_ERROR;
				CLANG_WARN_DOCUMENTATION_COMMENTS = NO;
				CLANG_WARN_EMPTY_BODY = YES;
				CLANG_WARN_ENUM_CONVERSION = YES;
				CLANG_WARN_INFINITE_RECURSION = YES;
				CLANG_WARN_INT_CONVERSION = YES;
				CLANG_WARN_NON_LITERAL_NULL_CONVERSION = YES;
				CLANG_WARN_OBJC_IMPLICIT_RETAIN_SELF = YES;
				CLANG_WARN_OBJC_LITERAL_CONVERSION = YES;
				CLANG_WARN_OBJC_ROOT_CLASS = YES_ERROR;
				CLANG_WARN_RANGE_LOOP_ANALYSIS = YES;
				CLANG_WARN_STRICT_PROTOTYPES = YES;
				CLANG_WARN_SUSPICIOUS_MOVE = YES;
				CLANG_WARN_UNGUARDED_AVAILABILITY = YES_AGGRESSIVE;
				CLANG_WARN_UNREACHABLE_CODE = YES;
				CLANG_WARN__DUPLICATE_METHOD_MATCH = YES;
				CODE_SIGN_IDENTITY = "Mac Developer";
				COPY_PHASE_STRIP = NO;
				DEBUG_INFORMATION_FORMAT = dwarf;
				ENABLE_STRICT_OBJC_MSGSEND = YES;
				ENABLE_TESTABILITY = YES;
				GCC_C_LANGUAGE_STANDARD = gnu11;
				GCC_DYNAMIC_NO_PIC = NO;
				GCC_NO_COMMON_BLOCKS = YES;
				GCC_OPTIMIZATION_LEVEL = 0;
				GCC_PREPROCESSOR_DEFINITIONS = (
					"DEBUG=1",
					"$(inherited)",
				);
				GCC_WARN_64_TO_32_BIT_CONVERSION = YES;
				GCC_WARN_ABOUT_RETURN_TYPE = YES_ERROR;
				GCC_WARN_UNDECLARED_SELECTOR = YES;
				GCC_WARN_UNINITIALIZED_AUTOS = YES_AGGRESSIVE;
				GCC_WARN_UNUSED_FUNCTION = YES;
				GCC_WARN_UNUSED_VARIABLE = YES;
				MACOSX_DEPLOYMENT_TARGET = 10.13;
				MTL_ENABLE_DEBUG_INFO = YES;
				ONLY_ACTIVE_ARCH = YES;
				SDKROOT = macosx;
			};
			name = Debug;
		};
		3A4F19731FC9A89A00A310AC /* Release */ = {
			isa = XCBuildConfiguration;
			buildSettings = {
				ALWAYS_SEARCH_USER_PATHS = NO;
				CLANG_ANALYZER_NONNULL = YES;
				CLANG_ANALYZER_NUMBER_OBJECT_CONVERSION = YES_AGGRESSIVE;
				CLANG_CXX_LANGUAGE_STANDARD = "gnu++17";
				CLANG_CXX_LIBRARY = "libc++";
				CLANG_ENABLE_MODULES = YES;
				CLANG_ENABLE_OBJC_ARC = YES;
				CLANG_WARN_BLOCK_CAPTURE_AUTORELEASING = YES;
				CLANG_WARN_BOOL_CONVERSION = YES;
				CLANG_WARN_COMMA = YES;
				CLANG_WARN_CONSTANT_CONVERSION = YES;
				CLANG_WARN_DEPRECATED_OBJC_IMPLEMENTATIONS = YES;
				CLANG_WARN_DIRECT_OBJC_ISA_USAGE = YES_ERROR;
				CLANG_WARN_DOCUMENTATION_COMMENTS = NO;
				CLANG_WARN_EMPTY_BODY = YES;
				CLANG_WARN_ENUM_CONVERSION = YES;
				CLANG_WARN_INFINITE_RECURSION = YES;
				CLANG_WARN_INT_CONVERSION = YES;
				CLANG_WARN_NON_LITERAL_NULL_CONVERSION = YES;
				CLANG_WARN_OBJC_IMPLICIT_RETAIN_SELF = YES;
				CLANG_WARN_OBJC_LITERAL_CONVERSION = YES;
				CLANG_WARN_OBJC_ROOT_CLASS = YES_ERROR;
				CLANG_WARN_RANGE_LOOP_ANALYSIS = YES;
				CLANG_WARN_STRICT_PROTOTYPES = YES;
				CLANG_WARN_SUSPICIOUS_MOVE = YES;
				CLANG_WARN_UNGUARDED_AVAILABILITY = YES_AGGRESSIVE;
				CLANG_WARN_UNREACHABLE_CODE = YES;
				CLANG_WARN__DUPLICATE_METHOD_MATCH = YES;
				CODE_SIGN_IDENTITY = "Mac Developer";
				COPY_PHASE_STRIP = NO;
				DEBUG_INFORMATION_FORMAT = "dwarf-with-dsym";
				ENABLE_NS_ASSERTIONS = NO;
				ENABLE_STRICT_OBJC_MSGSEND = YES;
				GCC_C_LANGUAGE_STANDARD = gnu11;
				GCC_NO_COMMON_BLOCKS = YES;
				GCC_WARN_64_TO_32_BIT_CONVERSION = YES;
				GCC_WARN_ABOUT_RETURN_TYPE = YES_ERROR;
				GCC_WARN_UNDECLARED_SELECTOR = YES;
				GCC_WARN_UNINITIALIZED_AUTOS = YES_AGGRESSIVE;
				GCC_WARN_UNUSED_FUNCTION = YES;
				GCC_WARN_UNUSED_VARIABLE = YES;
				MACOSX_DEPLOYMENT_TARGET = 10.13;
				MTL_ENABLE_DEBUG_INFO = NO;
				SDKROOT = macosx;
			};
			name = Release;
		};
		3A8321B71FC9AC4A00354EF5 /* Debug */ = {
			isa = XCBuildConfiguration;
			buildSettings = {
				CLANG_CXX_LANGUAGE_STANDARD = "gnu++17";
				CLANG_WARN_DOCUMENTATION_COMMENTS = NO;
				CODE_SIGN_IDENTITY = "-";
				CODE_SIGN_STYLE = Automatic;
				DEVELOPMENT_TEAM = "";
				HEADER_SEARCH_PATHS = /usr/local/include;
				OTHER_LDFLAGS = "-lcurl";
				PRODUCT_NAME = "$(TARGET_NAME)";
				SYSTEM_FRAMEWORK_SEARCH_PATHS = /usr/local/lib;
			};
			name = Debug;
		};
		3A8321B81FC9AC4A00354EF5 /* Release */ = {
			isa = XCBuildConfiguration;
			buildSettings = {
				CLANG_CXX_LANGUAGE_STANDARD = "gnu++17";
				CLANG_WARN_DOCUMENTATION_COMMENTS = NO;
				CODE_SIGN_IDENTITY = "-";
				CODE_SIGN_STYLE = Automatic;
				DEVELOPMENT_TEAM = "";
				HEADER_SEARCH_PATHS = /usr/local/include;
				OTHER_LDFLAGS = "-lcurl";
				PRODUCT_NAME = "$(TARGET_NAME)";
				SYSTEM_FRAMEWORK_SEARCH_PATHS = /usr/local/lib;
			};
			name = Release;
		};
		3A8321C21FC9AC5700354EF5 /* Debug */ = {
			isa = XCBuildConfiguration;
			buildSettings = {
				CLANG_CXX_LANGUAGE_STANDARD = "gnu++17";
				CLANG_WARN_DOCUMENTATION_COMMENTS = NO;
				CODE_SIGN_IDENTITY = "-";
				CODE_SIGN_STYLE = Automatic;
				DEVELOPMENT_TEAM = "";
				HEADER_SEARCH_PATHS = "/usr/local/include ";
				PRODUCT_NAME = "$(TARGET_NAME)";
				SYSTEM_FRAMEWORK_SEARCH_PATHS = /usr/local/lib;
			};
			name = Debug;
		};
		3A8321C31FC9AC5700354EF5 /* Release */ = {
			isa = XCBuildConfiguration;
			buildSettings = {
				CLANG_CXX_LANGUAGE_STANDARD = "gnu++17";
				CLANG_WARN_DOCUMENTATION_COMMENTS = NO;
				CODE_SIGN_IDENTITY = "-";
				CODE_SIGN_STYLE = Automatic;
				DEVELOPMENT_TEAM = "";
				HEADER_SEARCH_PATHS = "/usr/local/include ";
				PRODUCT_NAME = "$(TARGET_NAME)";
				SYSTEM_FRAMEWORK_SEARCH_PATHS = /usr/local/lib;
			};
			name = Release;
		};
		3AC1324D2351ED7700D56BE1 /* Debug */ = {
			isa = XCBuildConfiguration;
			buildSettings = {
				CLANG_CXX_LANGUAGE_STANDARD = "gnu++17";
				CLANG_ENABLE_OBJC_WEAK = YES;
				CLANG_WARN_DOCUMENTATION_COMMENTS = NO;
				CODE_SIGN_IDENTITY = "-";
				CODE_SIGN_STYLE = Automatic;
				HEADER_SEARCH_PATHS = (
					/usr/local/include,
					/usr/local/include/opencv4,
				);
				LIBRARY_SEARCH_PATHS = /usr/local/lib;
				MACOSX_DEPLOYMENT_TARGET = 10.14;
				MTL_ENABLE_DEBUG_INFO = INCLUDE_SOURCE;
				MTL_FAST_MATH = YES;
				OTHER_LDFLAGS = (
					"-lglad",
					"-lglfw3",
					"-ltiff",
					"-lassimp",
					"-lSOIL2",
					"-framework",
					Cocoa,
					"-framework",
					IOKit,
					"-framework",
					CoreVideo,
					"-framework",
					OpenGL,
				);
				PRODUCT_NAME = "$(TARGET_NAME)";
				SYSTEM_FRAMEWORK_SEARCH_PATHS = "";
			};
			name = Debug;
		};
		3AC1324E2351ED7700D56BE1 /* Release */ = {
			isa = XCBuildConfiguration;
			buildSettings = {
				CLANG_CXX_LANGUAGE_STANDARD = "gnu++17";
				CLANG_ENABLE_OBJC_WEAK = YES;
				CLANG_WARN_DOCUMENTATION_COMMENTS = NO;
				CODE_SIGN_IDENTITY = "-";
				CODE_SIGN_STYLE = Automatic;
				HEADER_SEARCH_PATHS = (
					/usr/local/include,
					/usr/local/include/opencv4,
				);
				LIBRARY_SEARCH_PATHS = /usr/local/lib;
				MACOSX_DEPLOYMENT_TARGET = 10.14;
				MTL_FAST_MATH = YES;
				OTHER_LDFLAGS = (
					"-lglad",
					"-lglfw3",
					"-ltiff",
					"-lassimp",
					"-lSOIL2",
					"-framework",
					Cocoa,
					"-framework",
					IOKit,
					"-framework",
					CoreVideo,
					"-framework",
					OpenGL,
				);
				PRODUCT_NAME = "$(TARGET_NAME)";
				SYSTEM_FRAMEWORK_SEARCH_PATHS = "";
			};
			name = Release;
		};
/* End XCBuildConfiguration section */

/* Begin XCConfigurationList section */
		3A4828911FD35B130030E113 /* Build configuration list for PBXNativeTarget "Opt" */ = {
			isa = XCConfigurationList;
			buildConfigurations = (
				3A48288F1FD35B130030E113 /* Debug */,
				3A4828901FD35B130030E113 /* Release */,
			);
			defaultConfigurationIsVisible = 0;
			defaultConfigurationName = Release;
		};
		3A4F19681FC9A89A00A310AC /* Build configuration list for PBXProject "MPL" */ = {
			isa = XCConfigurationList;
			buildConfigurations = (
				3A4F19721FC9A89A00A310AC /* Debug */,
				3A4F19731FC9A89A00A310AC /* Release */,
			);
			defaultConfigurationIsVisible = 0;
			defaultConfigurationName = Release;
		};
		3A8321B61FC9AC4A00354EF5 /* Build configuration list for PBXNativeTarget "Curl" */ = {
			isa = XCConfigurationList;
			buildConfigurations = (
				3A8321B71FC9AC4A00354EF5 /* Debug */,
				3A8321B81FC9AC4A00354EF5 /* Release */,
			);
			defaultConfigurationIsVisible = 0;
			defaultConfigurationName = Release;
		};
		3A8321C11FC9AC5700354EF5 /* Build configuration list for PBXNativeTarget "Lagrange" */ = {
			isa = XCConfigurationList;
			buildConfigurations = (
				3A8321C21FC9AC5700354EF5 /* Debug */,
				3A8321C31FC9AC5700354EF5 /* Release */,
			);
			defaultConfigurationIsVisible = 0;
			defaultConfigurationName = Release;
		};
		3AC1324F2351ED7700D56BE1 /* Build configuration list for PBXNativeTarget "OpenGL" */ = {
			isa = XCConfigurationList;
			buildConfigurations = (
				3AC1324D2351ED7700D56BE1 /* Debug */,
				3AC1324E2351ED7700D56BE1 /* Release */,
			);
			defaultConfigurationIsVisible = 0;
			defaultConfigurationName = Release;
		};
/* End XCConfigurationList section */
	};
	rootObject = 3A4F19651FC9A89A00A310AC /* Project object */;
}
