// !$*UTF8*$!
{
	archiveVersion = 1;
	classes = {
	};
	objectVersion = 48;
	objects = {

/* Begin PBXBuildFile section */
		3A4828921FD35B1C0030E113 /* opt.cpp in Sources */ = {isa = PBXBuildFile; fileRef = 3A8321A31FC9A8C200354EF5 /* opt.cpp */; };
		3A8321C41FC9AC8800354EF5 /* curl.cpp in Sources */ = {isa = PBXBuildFile; fileRef = 3A8321AC1FC9AB0500354EF5 /* curl.cpp */; };
		3A8321C51FC9AC8D00354EF5 /* lagrange.cpp in Sources */ = {isa = PBXBuildFile; fileRef = 3A8321A61FC9A92500354EF5 /* lagrange.cpp */; };
		3AEDF1712353531200E57BC4 /* opengl.cpp in Sources */ = {isa = PBXBuildFile; fileRef = 3AC132502351EDA300D56BE1 /* opengl.cpp */; };
/* End PBXBuildFile section */

/* Begin PBXCopyFilesBuildPhase section */
		3A4828891FD35B130030E113 /* CopyFiles */ = {
			isa = PBXCopyFilesBuildPhase;
			buildActionMask = 2147483647;
			dstPath = /usr/share/man/man1/;
			dstSubfolderSpec = 0;
			files = (
			);
			runOnlyForDeploymentPostprocessing = 1;
		};
		3A8321B01FC9AC4A00354EF5 /* CopyFiles */ = {
			isa = PBXCopyFilesBuildPhase;
			buildActionMask = 2147483647;
			dstPath = /usr/share/man/man1/;
			dstSubfolderSpec = 0;
			files = (
			);
			runOnlyForDeploymentPostprocessing = 1;
		};
		3A8321BB1FC9AC5700354EF5 /* CopyFiles */ = {
			isa = PBXCopyFilesBuildPhase;
			buildActionMask = 2147483647;
			dstPath = /usr/share/man/man1/;
			dstSubfolderSpec = 0;
			files = (
			);
			runOnlyForDeploymentPostprocessing = 1;
		};
		3AC132472351ED7600D56BE1 /* CopyFiles */ = {
			isa = PBXCopyFilesBuildPhase;
			buildActionMask = 2147483647;
			dstPath = /usr/share/man/man1/;
			dstSubfolderSpec = 0;
			files = (
			);
			runOnlyForDeploymentPostprocessing = 1;
		};
/* End PBXCopyFilesBuildPhase section */

/* Begin PBXFileReference section */
		3A48288B1FD35B130030E113 /* Opt */ = {isa = PBXFileReference; explicitFileType = "compiled.mach-o.executable"; includeInIndex = 0; path = Opt; sourceTree = BUILT_PRODUCTS_DIR; };
		3A650B78235CB52C0028916D /* loader.hpp */ = {isa = PBXFileReference; lastKnownFileType = sourcecode.cpp.h; path = loader.hpp; sourceTree = "<group>"; };
		3A650B79235CB52C0028916D /* opencv.hpp */ = {isa = PBXFileReference; lastKnownFileType = sourcecode.cpp.h; path = opencv.hpp; sourceTree = "<group>"; };
		3A650B7A235CB52C0028916D /* params.hpp */ = {isa = PBXFileReference; lastKnownFileType = sourcecode.cpp.h; path = params.hpp; sourceTree = "<group>"; };
		3A650B7C235CB52C0028916D /* curl.hpp */ = {isa = PBXFileReference; lastKnownFileType = sourcecode.cpp.h; path = curl.hpp; sourceTree = "<group>"; };
		3A650B7E235CB52C0028916D /* RK4.hpp */ = {isa = PBXFileReference; lastKnownFileType = sourcecode.cpp.h; path = RK4.hpp; sourceTree = "<group>"; };
		3A650B7F235CB52C0028916D /* opengl.hpp */ = {isa = PBXFileReference; lastKnownFileType = sourcecode.cpp.h; path = opengl.hpp; sourceTree = "<group>"; };
		3A650B80235CB52C0028916D /* clustering.hpp */ = {isa = PBXFileReference; lastKnownFileType = sourcecode.cpp.h; path = clustering.hpp; sourceTree = "<group>"; };
		3A650B81235CB52C0028916D /* algorithm.hpp */ = {isa = PBXFileReference; lastKnownFileType = sourcecode.cpp.h; path = algorithm.hpp; sourceTree = "<group>"; };
		3A650B82235CB52C0028916D /* mat.hpp */ = {isa = PBXFileReference; lastKnownFileType = sourcecode.cpp.h; path = mat.hpp; sourceTree = "<group>"; };
		3A650B84235CB52C0028916D /* reconstruction.hpp */ = {isa = PBXFileReference; lastKnownFileType = sourcecode.cpp.h; path = reconstruction.hpp; sourceTree = "<group>"; };
		3A650B85235CB52C0028916D /* cameraSystem.hpp.zip */ = {isa = PBXFileReference; lastKnownFileType = archive.zip; path = cameraSystem.hpp.zip; sourceTree = "<group>"; };
		3A650B86235CB52C0028916D /* reprojection.hpp */ = {isa = PBXFileReference; lastKnownFileType = sourcecode.cpp.h; path = reprojection.hpp; sourceTree = "<group>"; };
		3A650B87235CB52C0028916D /* undistort.hpp */ = {isa = PBXFileReference; lastKnownFileType = sourcecode.cpp.h; path = undistort.hpp; sourceTree = "<group>"; };
		3A650B88235CB52C0028916D /* normalization.hpp */ = {isa = PBXFileReference; lastKnownFileType = sourcecode.cpp.h; path = normalization.hpp; sourceTree = "<group>"; };
		3A650B89235CB52C0028916D /* utils.hpp */ = {isa = PBXFileReference; lastKnownFileType = sourcecode.cpp.h; path = utils.hpp; sourceTree = "<group>"; };
		3A650B8A235CB52C0028916D /* cameraSystem.hpp */ = {isa = PBXFileReference; lastKnownFileType = sourcecode.cpp.h; path = cameraSystem.hpp; sourceTree = "<group>"; };
		3A650B8B235CB52C0028916D /* convert.hpp */ = {isa = PBXFileReference; lastKnownFileType = sourcecode.cpp.h; path = convert.hpp; sourceTree = "<group>"; };
		3A650B8C235CB52C0028916D /* camera.hpp */ = {isa = PBXFileReference; lastKnownFileType = sourcecode.cpp.h; path = camera.hpp; sourceTree = "<group>"; };
		3A650B8D235CB52C0028916D /* fits.hpp */ = {isa = PBXFileReference; lastKnownFileType = sourcecode.cpp.h; path = fits.hpp; sourceTree = "<group>"; };
		3A650B8E235CB52C0028916D /* math.hpp */ = {isa = PBXFileReference; lastKnownFileType = sourcecode.cpp.h; path = math.hpp; sourceTree = "<group>"; };
		3A650B8F235CB52C0028916D /* configure.hpp */ = {isa = PBXFileReference; lastKnownFileType = sourcecode.cpp.h; path = configure.hpp; sourceTree = "<group>"; };
		3A650B91235CB52C0028916D /* munkres.hpp */ = {isa = PBXFileReference; lastKnownFileType = sourcecode.cpp.h; path = munkres.hpp; sourceTree = "<group>"; };
		3A650B93235CB52C0028916D /* utils.h */ = {isa = PBXFileReference; lastKnownFileType = sourcecode.c.h; path = utils.h; sourceTree = "<group>"; };
		3A650B94235CB52C0028916D /* matrix.h */ = {isa = PBXFileReference; lastKnownFileType = sourcecode.c.h; path = matrix.h; sourceTree = "<group>"; };
		3A650B96235CB52C0028916D /* matrix_opencv.h */ = {isa = PBXFileReference; lastKnownFileType = sourcecode.c.h; path = matrix_opencv.h; sourceTree = "<group>"; };
		3A650B97235CB52C0028916D /* matrix_qt.h */ = {isa = PBXFileReference; lastKnownFileType = sourcecode.c.h; path = matrix_qt.h; sourceTree = "<group>"; };
		3A650B98235CB52C0028916D /* matrix_armadillo.h */ = {isa = PBXFileReference; lastKnownFileType = sourcecode.c.h; path = matrix_armadillo.h; sourceTree = "<group>"; };
		3A650B99235CB52C0028916D /* matrix_std_2d_vector.h */ = {isa = PBXFileReference; lastKnownFileType = sourcecode.c.h; path = matrix_std_2d_vector.h; sourceTree = "<group>"; };
		3A650B9A235CB52C0028916D /* matrix_eigen.h */ = {isa = PBXFileReference; lastKnownFileType = sourcecode.c.h; path = matrix_eigen.h; sourceTree = "<group>"; };
		3A650B9B235CB52C0028916D /* matrix_boost.h */ = {isa = PBXFileReference; lastKnownFileType = sourcecode.c.h; path = matrix_boost.h; sourceTree = "<group>"; };
		3A650B9C235CB52C0028916D /* matrix_base.h */ = {isa = PBXFileReference; lastKnownFileType = sourcecode.c.h; path = matrix_base.h; sourceTree = "<group>"; };
		3A650B9D235CB52C0028916D /* stdio.hpp */ = {isa = PBXFileReference; lastKnownFileType = sourcecode.cpp.h; path = stdio.hpp; sourceTree = "<group>"; };
		3A650B9E235CB52C0028916D /* stdlib.hpp */ = {isa = PBXFileReference; lastKnownFileType = sourcecode.cpp.h; path = stdlib.hpp; sourceTree = "<group>"; };
		3A650B9F235CB52C0028916D /* profile.hpp */ = {isa = PBXFileReference; lastKnownFileType = sourcecode.cpp.h; path = profile.hpp; sourceTree = "<group>"; };
		3A650BA1235CB52C0028916D /* kabsch.hpp */ = {isa = PBXFileReference; lastKnownFileType = sourcecode.cpp.h; path = kabsch.hpp; sourceTree = "<group>"; };
		3A650BA2235CB52C0028916D /* quaternion.hpp */ = {isa = PBXFileReference; lastKnownFileType = sourcecode.cpp.h; path = quaternion.hpp; sourceTree = "<group>"; };
		3A650BA3235CB52C0028916D /* angles.hpp */ = {isa = PBXFileReference; lastKnownFileType = sourcecode.cpp.h; path = angles.hpp; sourceTree = "<group>"; };
		3A650BA4235CB52C0028916D /* geometry.hpp */ = {isa = PBXFileReference; lastKnownFileType = sourcecode.cpp.h; path = geometry.hpp; sourceTree = "<group>"; };
		3A650BA5235CB52C0028916D /* log.hpp */ = {isa = PBXFileReference; lastKnownFileType = sourcecode.cpp.h; path = log.hpp; sourceTree = "<group>"; };
		3A650BA6235CB52C0028916D /* utils.hpp */ = {isa = PBXFileReference; lastKnownFileType = sourcecode.cpp.h; path = utils.hpp; sourceTree = "<group>"; };
		3A650BA7235CB52C0028916D /* opt.hpp */ = {isa = PBXFileReference; lastKnownFileType = sourcecode.cpp.h; path = opt.hpp; sourceTree = "<group>"; };
		3A650BA8235CB52C0028916D /* cplex.hpp */ = {isa = PBXFileReference; lastKnownFileType = sourcecode.cpp.h; path = cplex.hpp; sourceTree = "<group>"; };
		3A650BAA235CB52C0028916D /* cubicspline.hpp */ = {isa = PBXFileReference; lastKnownFileType = sourcecode.cpp.h; path = cubicspline.hpp; sourceTree = "<group>"; };
		3A650BAB235CB52C0028916D /* lagrange.hpp */ = {isa = PBXFileReference; lastKnownFileType = sourcecode.cpp.h; path = lagrange.hpp; sourceTree = "<group>"; };
		3A650BAD235CB52C0028916D /* glMesh.hpp */ = {isa = PBXFileReference; lastKnownFileType = sourcecode.cpp.h; path = glMesh.hpp; sourceTree = "<group>"; };
		3A650BAE235CB52C0028916D /* glLine.hpp */ = {isa = PBXFileReference; lastKnownFileType = sourcecode.cpp.h; path = glLine.hpp; sourceTree = "<group>"; };
		3A650BAF235CB52C0028916D /* glMaterial.hpp */ = {isa = PBXFileReference; lastKnownFileType = sourcecode.cpp.h; path = glMaterial.hpp; sourceTree = "<group>"; };
		3A650BB0235CB52C0028916D /* glAxes.hpp */ = {isa = PBXFileReference; lastKnownFileType = sourcecode.cpp.h; path = glAxes.hpp; sourceTree = "<group>"; };
		3A650BB1235CB52C0028916D /* opengl.hpp */ = {isa = PBXFileReference; lastKnownFileType = sourcecode.cpp.h; path = opengl.hpp; sourceTree = "<group>"; };
		3A650BB2235CB52C0028916D /* tiff.hpp */ = {isa = PBXFileReference; lastKnownFileType = sourcecode.cpp.h; path = tiff.hpp; sourceTree = "<group>"; };
		3A650BB3235CB52C0028916D /* glSphere.hpp */ = {isa = PBXFileReference; lastKnownFileType = sourcecode.cpp.h; path = glSphere.hpp; sourceTree = "<group>"; };
		3A650BB4235CB52C0028916D /* glModel.hpp */ = {isa = PBXFileReference; lastKnownFileType = sourcecode.cpp.h; path = glModel.hpp; sourceTree = "<group>"; };
		3A650BB5235CB52C0028916D /* glQuad.hpp */ = {isa = PBXFileReference; lastKnownFileType = sourcecode.cpp.h; path = glQuad.hpp; sourceTree = "<group>"; };
		3A650BB6235CB52C0028916D /* glShadow.hpp */ = {isa = PBXFileReference; lastKnownFileType = sourcecode.cpp.h; path = glShadow.hpp; sourceTree = "<group>"; };
		3A650BB7235CB52C0028916D /* glCamera.hpp */ = {isa = PBXFileReference; lastKnownFileType = sourcecode.cpp.h; path = glCamera.hpp; sourceTree = "<group>"; };
		3A650BBA235CB52C0028916D /* Trex.fbx */ = {isa = PBXFileReference; lastKnownFileType = file; path = Trex.fbx; sourceTree = "<group>"; };
		3A650BBC235CB52C0028916D /* TrexEyeColor.jpg.swatch */ = {isa = PBXFileReference; lastKnownFileType = file; path = TrexEyeColor.jpg.swatch; sourceTree = "<group>"; };
		3A650BBD235CB52C0028916D /* TrexByJoel3d.ma.swatches */ = {isa = PBXFileReference; lastKnownFileType = file; path = TrexByJoel3d.ma.swatches; sourceTree = "<group>"; };
		3A650BBE235CB52C0028916D /* TrexTooth.png.swatch */ = {isa = PBXFileReference; lastKnownFileType = file; path = TrexTooth.png.swatch; sourceTree = "<group>"; };
		3A650BBF235CB52C0028916D /* TrexSpec.png */ = {isa = PBXFileReference; lastKnownFileType = image.png; path = TrexSpec.png; sourceTree = "<group>"; };
		3A650BC0235CB52C0028916D /* TrexTooth.png */ = {isa = PBXFileReference; lastKnownFileType = image.png; path = TrexTooth.png; sourceTree = "<group>"; };
		3A650BC1235CB52C0028916D /* TrexEyeColor.jpg */ = {isa = PBXFileReference; lastKnownFileType = image.jpeg; path = TrexEyeColor.jpg; sourceTree = "<group>"; };
		3A650BC2235CB52C0028916D /* TrexColor01152015.jpg */ = {isa = PBXFileReference; lastKnownFileType = image.jpeg; path = TrexColor01152015.jpg; sourceTree = "<group>"; };
		3A650BC3235CB52C0028916D /* TrexBump012714.jpg */ = {isa = PBXFileReference; lastKnownFileType = image.jpeg; path = TrexBump012714.jpg; sourceTree = "<group>"; };
		3A650BC4235CB52C0028916D /* glGrid.hpp */ = {isa = PBXFileReference; lastKnownFileType = sourcecode.cpp.h; path = glGrid.hpp; sourceTree = "<group>"; };
		3A650BC5235CB52C0028916D /* glLight.hpp */ = {isa = PBXFileReference; lastKnownFileType = sourcecode.cpp.h; path = glLight.hpp; sourceTree = "<group>"; };
		3A650BC7235CB52C0028916D /* model.frag */ = {isa = PBXFileReference; lastKnownFileType = sourcecode.glsl; path = model.frag; sourceTree = "<group>"; };
		3A650BCA235CB52C0028916D /* PCF.vs */ = {isa = PBXFileReference; lastKnownFileType = sourcecode.glsl; path = PCF.vs; sourceTree = "<group>"; };
		3A650BCB235CB52C0028916D /* PCF.gs */ = {isa = PBXFileReference; lastKnownFileType = sourcecode.glsl; path = PCF.gs; sourceTree = "<group>"; };
		3A650BCC235CB52C0028916D /* PCF.fs */ = {isa = PBXFileReference; lastKnownFileType = sourcecode.glsl; path = PCF.fs; sourceTree = "<group>"; };
		3A650BCD235CB52C0028916D /* shadowMap.vs */ = {isa = PBXFileReference; lastKnownFileType = sourcecode.glsl; path = shadowMap.vs; sourceTree = "<group>"; };
		3A650BCE235CB52C0028916D /* shadowMap.fs */ = {isa = PBXFileReference; lastKnownFileType = sourcecode.glsl; path = shadowMap.fs; sourceTree = "<group>"; };
		3A650BCF235CB52C0028916D /* depth.fs */ = {isa = PBXFileReference; lastKnownFileType = sourcecode.glsl; path = depth.fs; sourceTree = "<group>"; };
		3A650BD0235CB52C0028916D /* plain.fs */ = {isa = PBXFileReference; lastKnownFileType = sourcecode.glsl; path = plain.fs; sourceTree = "<group>"; };
		3A650BD1235CB52C0028916D /* model.vs */ = {isa = PBXFileReference; lastKnownFileType = sourcecode.glsl; path = model.vs; sourceTree = "<group>"; };
		3A650BD2235CB52C0028916D /* plain.vs */ = {isa = PBXFileReference; lastKnownFileType = sourcecode.glsl; path = plain.vs; sourceTree = "<group>"; };
		3A650BD3235CB52C0028916D /* depth.vs */ = {isa = PBXFileReference; lastKnownFileType = sourcecode.glsl; path = depth.vs; sourceTree = "<group>"; };
		3A650BD4235CB52C0028916D /* glfw.hpp */ = {isa = PBXFileReference; lastKnownFileType = sourcecode.cpp.h; path = glfw.hpp; sourceTree = "<group>"; };
		3A650BD5235CB52C0028916D /* glTexture.hpp */ = {isa = PBXFileReference; lastKnownFileType = sourcecode.cpp.h; path = glTexture.hpp; sourceTree = "<group>"; };
		3A650BD6235CB52C0028916D /* glCube.hpp */ = {isa = PBXFileReference; lastKnownFileType = sourcecode.cpp.h; path = glCube.hpp; sourceTree = "<group>"; };
		3A650BD7235CB52C0028916D /* glWindow.hpp */ = {isa = PBXFileReference; lastKnownFileType = sourcecode.cpp.h; path = glWindow.hpp; sourceTree = "<group>"; };
		3A650BD8235CB52C0028916D /* glShader.hpp */ = {isa = PBXFileReference; lastKnownFileType = sourcecode.cpp.h; path = glShader.hpp; sourceTree = "<group>"; };
		3A65720E236EC62D00117776 /* glObject.hpp */ = {isa = PBXFileReference; lastKnownFileType = sourcecode.cpp.h; path = glObject.hpp; sourceTree = "<group>"; };
		3A8321A21FC9A8C200354EF5 /* testCplex.cpp */ = {isa = PBXFileReference; fileEncoding = 4; lastKnownFileType = sourcecode.cpp.cpp; path = testCplex.cpp; sourceTree = "<group>"; };
		3A8321A31FC9A8C200354EF5 /* opt.cpp */ = {isa = PBXFileReference; fileEncoding = 4; lastKnownFileType = sourcecode.cpp.cpp; path = opt.cpp; sourceTree = "<group>"; };
		3A8321A41FC9A8C200354EF5 /* tests.cpp */ = {isa = PBXFileReference; fileEncoding = 4; lastKnownFileType = sourcecode.cpp.cpp; path = tests.cpp; sourceTree = "<group>"; };
		3A8321A51FC9A8C200354EF5 /* testVision.cpp */ = {isa = PBXFileReference; fileEncoding = 4; lastKnownFileType = sourcecode.cpp.cpp; path = testVision.cpp; sourceTree = "<group>"; };
		3A8321A61FC9A92500354EF5 /* lagrange.cpp */ = {isa = PBXFileReference; fileEncoding = 4; lastKnownFileType = sourcecode.cpp.cpp; path = lagrange.cpp; sourceTree = "<group>"; };
		3A8321AC1FC9AB0500354EF5 /* curl.cpp */ = {isa = PBXFileReference; fileEncoding = 4; lastKnownFileType = sourcecode.cpp.cpp; path = curl.cpp; sourceTree = "<group>"; };
		3A8321B21FC9AC4A00354EF5 /* Curl */ = {isa = PBXFileReference; explicitFileType = "compiled.mach-o.executable"; includeInIndex = 0; path = Curl; sourceTree = BUILT_PRODUCTS_DIR; };
		3A8321BD1FC9AC5700354EF5 /* Lagrange */ = {isa = PBXFileReference; explicitFileType = "compiled.mach-o.executable"; includeInIndex = 0; path = Lagrange; sourceTree = BUILT_PRODUCTS_DIR; };
		3ABDF9201FD36848007ECD27 /* loader.cpp */ = {isa = PBXFileReference; fileEncoding = 4; lastKnownFileType = sourcecode.cpp.cpp; path = loader.cpp; sourceTree = "<group>"; };
		3AC132492351ED7600D56BE1 /* OpenGL */ = {isa = PBXFileReference; explicitFileType = "compiled.mach-o.executable"; includeInIndex = 0; path = OpenGL; sourceTree = BUILT_PRODUCTS_DIR; };
		3AC132502351EDA300D56BE1 /* opengl.cpp */ = {isa = PBXFileReference; lastKnownFileType = sourcecode.cpp.cpp; path = opengl.cpp; sourceTree = "<group>"; };
/* End PBXFileReference section */

/* Begin PBXFrameworksBuildPhase section */
		3A4828881FD35B130030E113 /* Frameworks */ = {
			isa = PBXFrameworksBuildPhase;
			buildActionMask = 2147483647;
			files = (
			);
			runOnlyForDeploymentPostprocessing = 0;
		};
		3A8321AF1FC9AC4A00354EF5 /* Frameworks */ = {
			isa = PBXFrameworksBuildPhase;
			buildActionMask = 2147483647;
			files = (
			);
			runOnlyForDeploymentPostprocessing = 0;
		};
		3A8321BA1FC9AC5700354EF5 /* Frameworks */ = {
			isa = PBXFrameworksBuildPhase;
			buildActionMask = 2147483647;
			files = (
			);
			runOnlyForDeploymentPostprocessing = 0;
		};
		3AC132462351ED7600D56BE1 /* Frameworks */ = {
			isa = PBXFrameworksBuildPhase;
			buildActionMask = 2147483647;
			files = (
			);
			runOnlyForDeploymentPostprocessing = 0;
		};
/* End PBXFrameworksBuildPhase section */

/* Begin PBXGroup section */
		3A4F19641FC9A89A00A310AC = {
			isa = PBXGroup;
			children = (
				3A650B77235CB52C0028916D /* include */,
				3A8321A11FC9A8C200354EF5 /* src */,
				3A4F196E1FC9A89A00A310AC /* Products */,
			);
			sourceTree = "<group>";
		};
		3A4F196E1FC9A89A00A310AC /* Products */ = {
			isa = PBXGroup;
			children = (
				3A8321B21FC9AC4A00354EF5 /* Curl */,
				3A8321BD1FC9AC5700354EF5 /* Lagrange */,
				3A48288B1FD35B130030E113 /* Opt */,
				3AC132492351ED7600D56BE1 /* OpenGL */,
			);
			name = Products;
			sourceTree = "<group>";
		};
		3A650B77235CB52C0028916D /* include */ = {
			isa = PBXGroup;
			children = (
				3A650B78235CB52C0028916D /* loader.hpp */,
				3A650B79235CB52C0028916D /* opencv.hpp */,
				3A650B7A235CB52C0028916D /* params.hpp */,
				3A650B7B235CB52C0028916D /* web */,
				3A650B7D235CB52C0028916D /* integration */,
				3A650B7F235CB52C0028916D /* opengl.hpp */,
				3A650B80235CB52C0028916D /* clustering.hpp */,
				3A650B81235CB52C0028916D /* algorithm.hpp */,
				3A650B82235CB52C0028916D /* mat.hpp */,
				3A650B83235CB52C0028916D /* vision */,
				3A650B8D235CB52C0028916D /* fits.hpp */,
				3A650B8E235CB52C0028916D /* math.hpp */,
				3A650B8F235CB52C0028916D /* configure.hpp */,
				3A650B90235CB52C0028916D /* munkres */,
				3A650B9D235CB52C0028916D /* stdio.hpp */,
				3A650B9E235CB52C0028916D /* stdlib.hpp */,
				3A650B9F235CB52C0028916D /* profile.hpp */,
				3A650BA0235CB52C0028916D /* geometry */,
				3A650BA5235CB52C0028916D /* log.hpp */,
				3A650BA6235CB52C0028916D /* utils.hpp */,
				3A650BA7235CB52C0028916D /* opt.hpp */,
				3A650BA8235CB52C0028916D /* cplex.hpp */,
				3A650BA9235CB52C0028916D /* interpolation */,
				3A650BAC235CB52C0028916D /* opengl */,
			);
			path = include;
			sourceTree = "<group>";
		};
		3A650B7B235CB52C0028916D /* web */ = {
			isa = PBXGroup;
			children = (
				3A650B7C235CB52C0028916D /* curl.hpp */,
			);
			path = web;
			sourceTree = "<group>";
		};
		3A650B7D235CB52C0028916D /* integration */ = {
			isa = PBXGroup;
			children = (
				3A650B7E235CB52C0028916D /* RK4.hpp */,
			);
			path = integration;
			sourceTree = "<group>";
		};
		3A650B83235CB52C0028916D /* vision */ = {
			isa = PBXGroup;
			children = (
				3A650B84235CB52C0028916D /* reconstruction.hpp */,
				3A650B85235CB52C0028916D /* cameraSystem.hpp.zip */,
				3A650B86235CB52C0028916D /* reprojection.hpp */,
				3A650B87235CB52C0028916D /* undistort.hpp */,
				3A650B88235CB52C0028916D /* normalization.hpp */,
				3A650B89235CB52C0028916D /* utils.hpp */,
				3A650B8A235CB52C0028916D /* cameraSystem.hpp */,
				3A650B8B235CB52C0028916D /* convert.hpp */,
				3A650B8C235CB52C0028916D /* camera.hpp */,
			);
			path = vision;
			sourceTree = "<group>";
		};
		3A650B90235CB52C0028916D /* munkres */ = {
			isa = PBXGroup;
			children = (
				3A650B91235CB52C0028916D /* munkres.hpp */,
				3A650B92235CB52C0028916D /* include */,
			);
			path = munkres;
			sourceTree = "<group>";
		};
		3A650B92235CB52C0028916D /* include */ = {
			isa = PBXGroup;
			children = (
				3A650B93235CB52C0028916D /* utils.h */,
				3A650B94235CB52C0028916D /* matrix.h */,
				3A650B95235CB52C0028916D /* adapters */,
				3A650B9C235CB52C0028916D /* matrix_base.h */,
			);
			path = include;
			sourceTree = "<group>";
		};
		3A650B95235CB52C0028916D /* adapters */ = {
			isa = PBXGroup;
			children = (
				3A650B96235CB52C0028916D /* matrix_opencv.h */,
				3A650B97235CB52C0028916D /* matrix_qt.h */,
				3A650B98235CB52C0028916D /* matrix_armadillo.h */,
				3A650B99235CB52C0028916D /* matrix_std_2d_vector.h */,
				3A650B9A235CB52C0028916D /* matrix_eigen.h */,
				3A650B9B235CB52C0028916D /* matrix_boost.h */,
			);
			path = adapters;
			sourceTree = "<group>";
		};
		3A650BA0235CB52C0028916D /* geometry */ = {
			isa = PBXGroup;
			children = (
				3A650BA1235CB52C0028916D /* kabsch.hpp */,
				3A650BA2235CB52C0028916D /* quaternion.hpp */,
				3A650BA3235CB52C0028916D /* angles.hpp */,
				3A650BA4235CB52C0028916D /* geometry.hpp */,
			);
			path = geometry;
			sourceTree = "<group>";
		};
		3A650BA9235CB52C0028916D /* interpolation */ = {
			isa = PBXGroup;
			children = (
				3A650BAA235CB52C0028916D /* cubicspline.hpp */,
				3A650BAB235CB52C0028916D /* lagrange.hpp */,
			);
			path = interpolation;
			sourceTree = "<group>";
		};
		3A650BAC235CB52C0028916D /* opengl */ = {
			isa = PBXGroup;
			children = (
				3A65720E236EC62D00117776 /* glObject.hpp */,
				3A650BB0235CB52C0028916D /* glAxes.hpp */,
				3A650BB3235CB52C0028916D /* glSphere.hpp */,
				3A650BC4235CB52C0028916D /* glGrid.hpp */,
				3A650BD6235CB52C0028916D /* glCube.hpp */,
				3A650BB4235CB52C0028916D /* glModel.hpp */,
				3A650BAE235CB52C0028916D /* glLine.hpp */,
				3A650BB5235CB52C0028916D /* glQuad.hpp */,
				3A650BD5235CB52C0028916D /* glTexture.hpp */,
				3A650BAF235CB52C0028916D /* glMaterial.hpp */,
				3A650BAD235CB52C0028916D /* glMesh.hpp */,
				3A650BD8235CB52C0028916D /* glShader.hpp */,
				3A650BB1235CB52C0028916D /* opengl.hpp */,
				3A650BB2235CB52C0028916D /* tiff.hpp */,
				3A650BB6235CB52C0028916D /* glShadow.hpp */,
				3A650BB7235CB52C0028916D /* glCamera.hpp */,
				3A650BB8235CB52C0028916D /* model */,
				3A650BC5235CB52C0028916D /* glLight.hpp */,
				3A650BC6235CB52C0028916D /* shader */,
				3A650BD4235CB52C0028916D /* glfw.hpp */,
				3A650BD7235CB52C0028916D /* glWindow.hpp */,
			);
			path = opengl;
			sourceTree = "<group>";
		};
		3A650BB8235CB52C0028916D /* model */ = {
			isa = PBXGroup;
			children = (
				3A650BB9235CB52C0028916D /* Trex */,
			);
			path = model;
			sourceTree = "<group>";
		};
		3A650BB9235CB52C0028916D /* Trex */ = {
			isa = PBXGroup;
			children = (
				3A650BBA235CB52C0028916D /* Trex.fbx */,
				3A650BBB235CB52C0028916D /* .mayaSwatches */,
				3A650BBF235CB52C0028916D /* TrexSpec.png */,
				3A650BC0235CB52C0028916D /* TrexTooth.png */,
				3A650BC1235CB52C0028916D /* TrexEyeColor.jpg */,
				3A650BC2235CB52C0028916D /* TrexColor01152015.jpg */,
				3A650BC3235CB52C0028916D /* TrexBump012714.jpg */,
			);
			path = Trex;
			sourceTree = "<group>";
		};
		3A650BBB235CB52C0028916D /* .mayaSwatches */ = {
			isa = PBXGroup;
			children = (
				3A650BBC235CB52C0028916D /* TrexEyeColor.jpg.swatch */,
				3A650BBD235CB52C0028916D /* TrexByJoel3d.ma.swatches */,
				3A650BBE235CB52C0028916D /* TrexTooth.png.swatch */,
			);
			path = .mayaSwatches;
			sourceTree = "<group>";
		};
		3A650BC6235CB52C0028916D /* shader */ = {
			isa = PBXGroup;
			children = (
				3A650BC8235CB52C0028916D /* shadow */,
				3A650BD3235CB52C0028916D /* depth.vs */,
				3A650BCF235CB52C0028916D /* depth.fs */,
				3A650BD2235CB52C0028916D /* plain.vs */,
				3A650BD0235CB52C0028916D /* plain.fs */,
				3A650BD1235CB52C0028916D /* model.vs */,
				3A650BC7235CB52C0028916D /* model.frag */,
			);
			path = shader;
			sourceTree = "<group>";
		};
		3A650BC8235CB52C0028916D /* shadow */ = {
			isa = PBXGroup;
			children = (
				3A650BC9235CB52C0028916D /* PCF */,
				3A650BCD235CB52C0028916D /* shadowMap.vs */,
				3A650BCE235CB52C0028916D /* shadowMap.fs */,
			);
			path = shadow;
			sourceTree = "<group>";
		};
		3A650BC9235CB52C0028916D /* PCF */ = {
			isa = PBXGroup;
			children = (
				3A650BCA235CB52C0028916D /* PCF.vs */,
				3A650BCB235CB52C0028916D /* PCF.gs */,
				3A650BCC235CB52C0028916D /* PCF.fs */,
			);
			path = PCF;
			sourceTree = "<group>";
		};
		3A8321A11FC9A8C200354EF5 /* src */ = {
			isa = PBXGroup;
			children = (
				3A8321A31FC9A8C200354EF5 /* opt.cpp */,
				3ABDF9201FD36848007ECD27 /* loader.cpp */,
				3A8321AC1FC9AB0500354EF5 /* curl.cpp */,
				3A8321A61FC9A92500354EF5 /* lagrange.cpp */,
				3A8321A41FC9A8C200354EF5 /* tests.cpp */,
				3A8321A21FC9A8C200354EF5 /* testCplex.cpp */,
				3A8321A51FC9A8C200354EF5 /* testVision.cpp */,
				3AC132502351EDA300D56BE1 /* opengl.cpp */,
			);
			path = src;
			sourceTree = "<group>";
		};
/* End PBXGroup section */

/* Begin PBXNativeTarget section */
		3A48288A1FD35B130030E113 /* Opt */ = {
			isa = PBXNativeTarget;
			buildConfigurationList = 3A4828911FD35B130030E113 /* Build configuration list for PBXNativeTarget "Opt" */;
			buildPhases = (
				3A4828871FD35B130030E113 /* Sources */,
				3A4828881FD35B130030E113 /* Frameworks */,
				3A4828891FD35B130030E113 /* CopyFiles */,
			);
			buildRules = (
			);
			dependencies = (
			);
			name = Opt;
			productName = Opt;
			productReference = 3A48288B1FD35B130030E113 /* Opt */;
			productType = "com.apple.product-type.tool";
		};
		3A8321B11FC9AC4A00354EF5 /* Curl */ = {
			isa = PBXNativeTarget;
			buildConfigurationList = 3A8321B61FC9AC4A00354EF5 /* Build configuration list for PBXNativeTarget "Curl" */;
			buildPhases = (
				3A8321AE1FC9AC4A00354EF5 /* Sources */,
				3A8321AF1FC9AC4A00354EF5 /* Frameworks */,
				3A8321B01FC9AC4A00354EF5 /* CopyFiles */,
			);
			buildRules = (
			);
			dependencies = (
			);
			name = Curl;
			productName = Curl;
			productReference = 3A8321B21FC9AC4A00354EF5 /* Curl */;
			productType = "com.apple.product-type.tool";
		};
		3A8321BC1FC9AC5700354EF5 /* Lagrange */ = {
			isa = PBXNativeTarget;
			buildConfigurationList = 3A8321C11FC9AC5700354EF5 /* Build configuration list for PBXNativeTarget "Lagrange" */;
			buildPhases = (
				3A8321B91FC9AC5700354EF5 /* Sources */,
				3A8321BA1FC9AC5700354EF5 /* Frameworks */,
				3A8321BB1FC9AC5700354EF5 /* CopyFiles */,
			);
			buildRules = (
			);
			dependencies = (
			);
			name = Lagrange;
			productName = Lagrange;
			productReference = 3A8321BD1FC9AC5700354EF5 /* Lagrange */;
			productType = "com.apple.product-type.tool";
		};
		3AC132482351ED7600D56BE1 /* OpenGL */ = {
			isa = PBXNativeTarget;
			buildConfigurationList = 3AC1324F2351ED7700D56BE1 /* Build configuration list for PBXNativeTarget "OpenGL" */;
			buildPhases = (
				3AC132452351ED7600D56BE1 /* Sources */,
				3AC132462351ED7600D56BE1 /* Frameworks */,
				3AC132472351ED7600D56BE1 /* CopyFiles */,
			);
			buildRules = (
			);
			dependencies = (
			);
			name = OpenGL;
			productName = OpenGL;
			productReference = 3AC132492351ED7600D56BE1 /* OpenGL */;
			productType = "com.apple.product-type.tool";
		};
/* End PBXNativeTarget section */

/* Begin PBXProject section */
		3A4F19651FC9A89A00A310AC /* Project object */ = {
			isa = PBXProject;
			attributes = {
				LastUpgradeCheck = 0930;
				ORGANIZATIONNAME = MPL;
				TargetAttributes = {
					3A48288A1FD35B130030E113 = {
						CreatedOnToolsVersion = 9.1;
						ProvisioningStyle = Automatic;
					};
					3A8321B11FC9AC4A00354EF5 = {
						CreatedOnToolsVersion = 9.1;
						ProvisioningStyle = Automatic;
					};
					3A8321BC1FC9AC5700354EF5 = {
						CreatedOnToolsVersion = 9.1;
						ProvisioningStyle = Automatic;
					};
					3AC132482351ED7600D56BE1 = {
						CreatedOnToolsVersion = 11.1;
						ProvisioningStyle = Automatic;
					};
				};
			};
			buildConfigurationList = 3A4F19681FC9A89A00A310AC /* Build configuration list for PBXProject "MPL" */;
			compatibilityVersion = "Xcode 8.0";
			developmentRegion = en;
			hasScannedForEncodings = 0;
			knownRegions = (
				en,
				Base,
			);
			mainGroup = 3A4F19641FC9A89A00A310AC;
			productRefGroup = 3A4F196E1FC9A89A00A310AC /* Products */;
			projectDirPath = "";
			projectRoot = "";
			targets = (
				3A8321B11FC9AC4A00354EF5 /* Curl */,
				3A8321BC1FC9AC5700354EF5 /* Lagrange */,
				3A48288A1FD35B130030E113 /* Opt */,
				3AC132482351ED7600D56BE1 /* OpenGL */,
			);
		};
/* End PBXProject section */

/* Begin PBXSourcesBuildPhase section */
		3A4828871FD35B130030E113 /* Sources */ = {
			isa = PBXSourcesBuildPhase;
			buildActionMask = 2147483647;
			files = (
				3A4828921FD35B1C0030E113 /* opt.cpp in Sources */,
			);
			runOnlyForDeploymentPostprocessing = 0;
		};
		3A8321AE1FC9AC4A00354EF5 /* Sources */ = {
			isa = PBXSourcesBuildPhase;
			buildActionMask = 2147483647;
			files = (
				3A8321C41FC9AC8800354EF5 /* curl.cpp in Sources */,
			);
			runOnlyForDeploymentPostprocessing = 0;
		};
		3A8321B91FC9AC5700354EF5 /* Sources */ = {
			isa = PBXSourcesBuildPhase;
			buildActionMask = 2147483647;
			files = (
				3A8321C51FC9AC8D00354EF5 /* lagrange.cpp in Sources */,
			);
			runOnlyForDeploymentPostprocessing = 0;
		};
		3AC132452351ED7600D56BE1 /* Sources */ = {
			isa = PBXSourcesBuildPhase;
			buildActionMask = 2147483647;
			files = (
				3AEDF1712353531200E57BC4 /* opengl.cpp in Sources */,
			);
			runOnlyForDeploymentPostprocessing = 0;
		};
/* End PBXSourcesBuildPhase section */

/* Begin XCBuildConfiguration section */
		3A48288F1FD35B130030E113 /* Debug */ = {
			isa = XCBuildConfiguration;
			buildSettings = {
				CLANG_CXX_LANGUAGE_STANDARD = "gnu++14";
				CLANG_WARN_DOCUMENTATION_COMMENTS = NO;
				CODE_SIGN_IDENTITY = "-";
				CODE_SIGN_STYLE = Automatic;
				DEVELOPMENT_TEAM = "";
				HEADER_SEARCH_PATHS = (
					/usr/local/include,
					/usr/local/include/opencv4,
				);
				PRODUCT_NAME = "$(TARGET_NAME)";
				SYSTEM_FRAMEWORK_SEARCH_PATHS = /usr/local/lib;
			};
			name = Debug;
		};
		3A4828901FD35B130030E113 /* Release */ = {
			isa = XCBuildConfiguration;
			buildSettings = {
				CLANG_CXX_LANGUAGE_STANDARD = "gnu++14";
				CLANG_WARN_DOCUMENTATION_COMMENTS = NO;
				CODE_SIGN_IDENTITY = "-";
				CODE_SIGN_STYLE = Automatic;
				DEVELOPMENT_TEAM = "";
				HEADER_SEARCH_PATHS = (
					/usr/local/include,
					/usr/local/include/opencv4,
				);
				PRODUCT_NAME = "$(TARGET_NAME)";
				SYSTEM_FRAMEWORK_SEARCH_PATHS = /usr/local/lib;
			};
			name = Release;
		};
		3A4F19721FC9A89A00A310AC /* Debug */ = {
			isa = XCBuildConfiguration;
			buildSettings = {
				ALWAYS_SEARCH_USER_PATHS = NO;
				CLANG_ANALYZER_NONNULL = YES;
				CLANG_ANALYZER_NUMBER_OBJECT_CONVERSION = YES_AGGRESSIVE;
				CLANG_CXX_LANGUAGE_STANDARD = "gnu++17";
				CLANG_CXX_LIBRARY = "libc++";
				CLANG_ENABLE_MODULES = YES;
				CLANG_ENABLE_OBJC_ARC = YES;
				CLANG_WARN_BLOCK_CAPTURE_AUTORELEASING = YES;
				CLANG_WARN_BOOL_CONVERSION = YES;
				CLANG_WARN_COMMA = YES;
				CLANG_WARN_CONSTANT_CONVERSION = YES;
				CLANG_WARN_DEPRECATED_OBJC_IMPLEMENTATIONS = YES;
				CLANG_WARN_DIRECT_OBJC_ISA_USAGE = YES_ERROR;
				CLANG_WARN_DOCUMENTATION_COMMENTS = NO;
				CLANG_WARN_EMPTY_BODY = YES;
				CLANG_WARN_ENUM_CONVERSION = YES;
				CLANG_WARN_INFINITE_RECURSION = YES;
				CLANG_WARN_INT_CONVERSION = YES;
				CLANG_WARN_NON_LITERAL_NULL_CONVERSION = YES;
				CLANG_WARN_OBJC_IMPLICIT_RETAIN_SELF = YES;
				CLANG_WARN_OBJC_LITERAL_CONVERSION = YES;
				CLANG_WARN_OBJC_ROOT_CLASS = YES_ERROR;
				CLANG_WARN_RANGE_LOOP_ANALYSIS = YES;
				CLANG_WARN_STRICT_PROTOTYPES = YES;
				CLANG_WARN_SUSPICIOUS_MOVE = YES;
				CLANG_WARN_UNGUARDED_AVAILABILITY = YES_AGGRESSIVE;
				CLANG_WARN_UNREACHABLE_CODE = YES;
				CLANG_WARN__DUPLICATE_METHOD_MATCH = YES;
				CODE_SIGN_IDENTITY = "Mac Developer";
				COPY_PHASE_STRIP = NO;
				DEBUG_INFORMATION_FORMAT = dwarf;
				ENABLE_STRICT_OBJC_MSGSEND = YES;
				ENABLE_TESTABILITY = YES;
				GCC_C_LANGUAGE_STANDARD = gnu11;
				GCC_DYNAMIC_NO_PIC = NO;
				GCC_NO_COMMON_BLOCKS = YES;
				GCC_OPTIMIZATION_LEVEL = 0;
				GCC_PREPROCESSOR_DEFINITIONS = (
					"DEBUG=1",
					"$(inherited)",
				);
				GCC_WARN_64_TO_32_BIT_CONVERSION = YES;
				GCC_WARN_ABOUT_RETURN_TYPE = YES_ERROR;
				GCC_WARN_UNDECLARED_SELECTOR = YES;
				GCC_WARN_UNINITIALIZED_AUTOS = YES_AGGRESSIVE;
				GCC_WARN_UNUSED_FUNCTION = YES;
				GCC_WARN_UNUSED_VARIABLE = YES;
				MACOSX_DEPLOYMENT_TARGET = 10.13;
				MTL_ENABLE_DEBUG_INFO = YES;
				ONLY_ACTIVE_ARCH = YES;
				SDKROOT = macosx;
			};
			name = Debug;
		};
		3A4F19731FC9A89A00A310AC /* Release */ = {
			isa = XCBuildConfiguration;
			buildSettings = {
				ALWAYS_SEARCH_USER_PATHS = NO;
				CLANG_ANALYZER_NONNULL = YES;
				CLANG_ANALYZER_NUMBER_OBJECT_CONVERSION = YES_AGGRESSIVE;
				CLANG_CXX_LANGUAGE_STANDARD = "gnu++17";
				CLANG_CXX_LIBRARY = "libc++";
				CLANG_ENABLE_MODULES = YES;
				CLANG_ENABLE_OBJC_ARC = YES;
				CLANG_WARN_BLOCK_CAPTURE_AUTORELEASING = YES;
				CLANG_WARN_BOOL_CONVERSION = YES;
				CLANG_WARN_COMMA = YES;
				CLANG_WARN_CONSTANT_CONVERSION = YES;
				CLANG_WARN_DEPRECATED_OBJC_IMPLEMENTATIONS = YES;
				CLANG_WARN_DIRECT_OBJC_ISA_USAGE = YES_ERROR;
				CLANG_WARN_DOCUMENTATION_COMMENTS = NO;
				CLANG_WARN_EMPTY_BODY = YES;
				CLANG_WARN_ENUM_CONVERSION = YES;
				CLANG_WARN_INFINITE_RECURSION = YES;
				CLANG_WARN_INT_CONVERSION = YES;
				CLANG_WARN_NON_LITERAL_NULL_CONVERSION = YES;
				CLANG_WARN_OBJC_IMPLICIT_RETAIN_SELF = YES;
				CLANG_WARN_OBJC_LITERAL_CONVERSION = YES;
				CLANG_WARN_OBJC_ROOT_CLASS = YES_ERROR;
				CLANG_WARN_RANGE_LOOP_ANALYSIS = YES;
				CLANG_WARN_STRICT_PROTOTYPES = YES;
				CLANG_WARN_SUSPICIOUS_MOVE = YES;
				CLANG_WARN_UNGUARDED_AVAILABILITY = YES_AGGRESSIVE;
				CLANG_WARN_UNREACHABLE_CODE = YES;
				CLANG_WARN__DUPLICATE_METHOD_MATCH = YES;
				CODE_SIGN_IDENTITY = "Mac Developer";
				COPY_PHASE_STRIP = NO;
				DEBUG_INFORMATION_FORMAT = "dwarf-with-dsym";
				ENABLE_NS_ASSERTIONS = NO;
				ENABLE_STRICT_OBJC_MSGSEND = YES;
				GCC_C_LANGUAGE_STANDARD = gnu11;
				GCC_NO_COMMON_BLOCKS = YES;
				GCC_WARN_64_TO_32_BIT_CONVERSION = YES;
				GCC_WARN_ABOUT_RETURN_TYPE = YES_ERROR;
				GCC_WARN_UNDECLARED_SELECTOR = YES;
				GCC_WARN_UNINITIALIZED_AUTOS = YES_AGGRESSIVE;
				GCC_WARN_UNUSED_FUNCTION = YES;
				GCC_WARN_UNUSED_VARIABLE = YES;
				MACOSX_DEPLOYMENT_TARGET = 10.13;
				MTL_ENABLE_DEBUG_INFO = NO;
				SDKROOT = macosx;
			};
			name = Release;
		};
		3A8321B71FC9AC4A00354EF5 /* Debug */ = {
			isa = XCBuildConfiguration;
			buildSettings = {
				CLANG_CXX_LANGUAGE_STANDARD = "gnu++17";
				CLANG_WARN_DOCUMENTATION_COMMENTS = NO;
				CODE_SIGN_IDENTITY = "-";
				CODE_SIGN_STYLE = Automatic;
				DEVELOPMENT_TEAM = "";
				HEADER_SEARCH_PATHS = /usr/local/include;
				OTHER_LDFLAGS = "-lcurl";
				PRODUCT_NAME = "$(TARGET_NAME)";
				SYSTEM_FRAMEWORK_SEARCH_PATHS = /usr/local/lib;
			};
			name = Debug;
		};
		3A8321B81FC9AC4A00354EF5 /* Release */ = {
			isa = XCBuildConfiguration;
			buildSettings = {
				CLANG_CXX_LANGUAGE_STANDARD = "gnu++17";
				CLANG_WARN_DOCUMENTATION_COMMENTS = NO;
				CODE_SIGN_IDENTITY = "-";
				CODE_SIGN_STYLE = Automatic;
				DEVELOPMENT_TEAM = "";
				HEADER_SEARCH_PATHS = /usr/local/include;
				OTHER_LDFLAGS = "-lcurl";
				PRODUCT_NAME = "$(TARGET_NAME)";
				SYSTEM_FRAMEWORK_SEARCH_PATHS = /usr/local/lib;
			};
			name = Release;
		};
		3A8321C21FC9AC5700354EF5 /* Debug */ = {
			isa = XCBuildConfiguration;
			buildSettings = {
				CLANG_CXX_LANGUAGE_STANDARD = "gnu++17";
				CLANG_WARN_DOCUMENTATION_COMMENTS = NO;
				CODE_SIGN_IDENTITY = "-";
				CODE_SIGN_STYLE = Automatic;
				DEVELOPMENT_TEAM = "";
				HEADER_SEARCH_PATHS = "/usr/local/include ";
				PRODUCT_NAME = "$(TARGET_NAME)";
				SYSTEM_FRAMEWORK_SEARCH_PATHS = /usr/local/lib;
			};
			name = Debug;
		};
		3A8321C31FC9AC5700354EF5 /* Release */ = {
			isa = XCBuildConfiguration;
			buildSettings = {
				CLANG_CXX_LANGUAGE_STANDARD = "gnu++17";
				CLANG_WARN_DOCUMENTATION_COMMENTS = NO;
				CODE_SIGN_IDENTITY = "-";
				CODE_SIGN_STYLE = Automatic;
				DEVELOPMENT_TEAM = "";
				HEADER_SEARCH_PATHS = "/usr/local/include ";
				PRODUCT_NAME = "$(TARGET_NAME)";
				SYSTEM_FRAMEWORK_SEARCH_PATHS = /usr/local/lib;
			};
			name = Release;
		};
		3AC1324D2351ED7700D56BE1 /* Debug */ = {
			isa = XCBuildConfiguration;
			buildSettings = {
				CLANG_CXX_LANGUAGE_STANDARD = "gnu++17";
				CLANG_ENABLE_OBJC_WEAK = YES;
				CLANG_WARN_DOCUMENTATION_COMMENTS = NO;
				CODE_SIGN_IDENTITY = "-";
				CODE_SIGN_STYLE = Automatic;
				HEADER_SEARCH_PATHS = (
					/usr/local/include,
					/usr/local/include/opencv4,
				);
				LIBRARY_SEARCH_PATHS = /usr/local/lib;
				MACOSX_DEPLOYMENT_TARGET = 10.14;
				MTL_ENABLE_DEBUG_INFO = INCLUDE_SOURCE;
				MTL_FAST_MATH = YES;
				OTHER_LDFLAGS = (
					"-lglad",
					"-lglfw3",
					"-ltiff",
					"-lassimp",
					"-lSOIL2",
					"-framework",
					Cocoa,
					"-framework",
					IOKit,
					"-framework",
					CoreVideo,
					"-framework",
					OpenGL,
				);
				PRODUCT_NAME = "$(TARGET_NAME)";
				SYSTEM_FRAMEWORK_SEARCH_PATHS = "";
			};
			name = Debug;
		};
		3AC1324E2351ED7700D56BE1 /* Release */ = {
			isa = XCBuildConfiguration;
			buildSettings = {
				CLANG_CXX_LANGUAGE_STANDARD = "gnu++17";
				CLANG_ENABLE_OBJC_WEAK = YES;
				CLANG_WARN_DOCUMENTATION_COMMENTS = NO;
				CODE_SIGN_IDENTITY = "-";
				CODE_SIGN_STYLE = Automatic;
				HEADER_SEARCH_PATHS = (
					/usr/local/include,
					/usr/local/include/opencv4,
				);
				LIBRARY_SEARCH_PATHS = /usr/local/lib;
				MACOSX_DEPLOYMENT_TARGET = 10.14;
				MTL_FAST_MATH = YES;
				OTHER_LDFLAGS = (
					"-lglad",
					"-lglfw3",
					"-ltiff",
					"-lassimp",
					"-lSOIL2",
					"-framework",
					Cocoa,
					"-framework",
					IOKit,
					"-framework",
					CoreVideo,
					"-framework",
					OpenGL,
				);
				PRODUCT_NAME = "$(TARGET_NAME)";
				SYSTEM_FRAMEWORK_SEARCH_PATHS = "";
			};
			name = Release;
		};
/* End XCBuildConfiguration section */

/* Begin XCConfigurationList section */
		3A4828911FD35B130030E113 /* Build configuration list for PBXNativeTarget "Opt" */ = {
			isa = XCConfigurationList;
			buildConfigurations = (
				3A48288F1FD35B130030E113 /* Debug */,
				3A4828901FD35B130030E113 /* Release */,
			);
			defaultConfigurationIsVisible = 0;
			defaultConfigurationName = Release;
		};
		3A4F19681FC9A89A00A310AC /* Build configuration list for PBXProject "MPL" */ = {
			isa = XCConfigurationList;
			buildConfigurations = (
				3A4F19721FC9A89A00A310AC /* Debug */,
				3A4F19731FC9A89A00A310AC /* Release */,
			);
			defaultConfigurationIsVisible = 0;
			defaultConfigurationName = Release;
		};
		3A8321B61FC9AC4A00354EF5 /* Build configuration list for PBXNativeTarget "Curl" */ = {
			isa = XCConfigurationList;
			buildConfigurations = (
				3A8321B71FC9AC4A00354EF5 /* Debug */,
				3A8321B81FC9AC4A00354EF5 /* Release */,
			);
			defaultConfigurationIsVisible = 0;
			defaultConfigurationName = Release;
		};
		3A8321C11FC9AC5700354EF5 /* Build configuration list for PBXNativeTarget "Lagrange" */ = {
			isa = XCConfigurationList;
			buildConfigurations = (
				3A8321C21FC9AC5700354EF5 /* Debug */,
				3A8321C31FC9AC5700354EF5 /* Release */,
			);
			defaultConfigurationIsVisible = 0;
			defaultConfigurationName = Release;
		};
		3AC1324F2351ED7700D56BE1 /* Build configuration list for PBXNativeTarget "OpenGL" */ = {
			isa = XCConfigurationList;
			buildConfigurations = (
				3AC1324D2351ED7700D56BE1 /* Debug */,
				3AC1324E2351ED7700D56BE1 /* Release */,
			);
			defaultConfigurationIsVisible = 0;
			defaultConfigurationName = Release;
		};
/* End XCConfigurationList section */
	};
	rootObject = 3A4F19651FC9A89A00A310AC /* Project object */;
}
